// !$*UTF8*$!
{
	archiveVersion = 1;
	classes = {
	};
	objectVersion = 46;
	objects = {

/* Begin PBXBuildFile section */
		5A4B7A29FE1878BC9FCBFF38 /* libPods-BlackDot.a in Frameworks */ = {isa = PBXBuildFile; fileRef = A5BBF0AE63DB6EB0F26888DB /* libPods-BlackDot.a */; };
		9D03F4C71D1D38DC00D140B1 /* main.m in Sources */ = {isa = PBXBuildFile; fileRef = 9D03F4C61D1D38DC00D140B1 /* main.m */; };
		9D03F4CA1D1D38DC00D140B1 /* AppDelegate.m in Sources */ = {isa = PBXBuildFile; fileRef = 9D03F4C91D1D38DC00D140B1 /* AppDelegate.m */; };
		9D03F4CD1D1D38DC00D140B1 /* ViewController.m in Sources */ = {isa = PBXBuildFile; fileRef = 9D03F4CC1D1D38DC00D140B1 /* ViewController.m */; };
		9D03F4D01D1D38DC00D140B1 /* Main.storyboard in Resources */ = {isa = PBXBuildFile; fileRef = 9D03F4CE1D1D38DC00D140B1 /* Main.storyboard */; };
		9D03F4D21D1D38DC00D140B1 /* Assets.xcassets in Resources */ = {isa = PBXBuildFile; fileRef = 9D03F4D11D1D38DC00D140B1 /* Assets.xcassets */; };
		9D03F4D51D1D38DC00D140B1 /* LaunchScreen.storyboard in Resources */ = {isa = PBXBuildFile; fileRef = 9D03F4D31D1D38DC00D140B1 /* LaunchScreen.storyboard */; };
		9D03F50E1D1D39D400D140B1 /* NavViewController.m in Sources */ = {isa = PBXBuildFile; fileRef = 9D03F50D1D1D39D400D140B1 /* NavViewController.m */; };
		9D61ED401D37688800481AC0 /* icon_120x120.png in Resources */ = {isa = PBXBuildFile; fileRef = 9D61ED3E1D37688800481AC0 /* icon_120x120.png */; };
		9D61ED411D37688800481AC0 /* icon_180x180.png in Resources */ = {isa = PBXBuildFile; fileRef = 9D61ED3F1D37688800481AC0 /* icon_180x180.png */; };
		9D61ED451D376A4600481AC0 /* icon_29x29.png in Resources */ = {isa = PBXBuildFile; fileRef = 9D61ED421D376A4600481AC0 /* icon_29x29.png */; };
		9D61ED461D376A4600481AC0 /* icon_58x58.png in Resources */ = {isa = PBXBuildFile; fileRef = 9D61ED431D376A4600481AC0 /* icon_58x58.png */; };
		9D61ED471D376A4600481AC0 /* icon_87x87.png in Resources */ = {isa = PBXBuildFile; fileRef = 9D61ED441D376A4600481AC0 /* icon_87x87.png */; };
		9D61ED491D376A6D00481AC0 /* icon_80x80.png in Resources */ = {isa = PBXBuildFile; fileRef = 9D61ED481D376A6D00481AC0 /* icon_80x80.png */; };
		9D61ED4B1D376D7500481AC0 /* brandHD5.png in Resources */ = {isa = PBXBuildFile; fileRef = 9D61ED4A1D376D7500481AC0 /* brandHD5.png */; };
		9D61ED4D1D376E0800481AC0 /* brand750x1334.png in Resources */ = {isa = PBXBuildFile; fileRef = 9D61ED4C1D376E0800481AC0 /* brand750x1334.png */; };
		9D61ED501D37716C00481AC0 /* brand640X960.png in Resources */ = {isa = PBXBuildFile; fileRef = 9D61ED4E1D37716C00481AC0 /* brand640X960.png */; };
		9D61ED511D37716C00481AC0 /* brand640X1136.png in Resources */ = {isa = PBXBuildFile; fileRef = 9D61ED4F1D37716C00481AC0 /* brand640X1136.png */; };
		9D61ED591D3774FB00481AC0 /* YPTabBar.m in Sources */ = {isa = PBXBuildFile; fileRef = 9D61ED541D3774FB00481AC0 /* YPTabBar.m */; };
		9D61ED5A1D3774FB00481AC0 /* YPTabBarController.m in Sources */ = {isa = PBXBuildFile; fileRef = 9D61ED561D3774FB00481AC0 /* YPTabBarController.m */; };
		9D61ED5B1D3774FB00481AC0 /* YPTabItem.m in Sources */ = {isa = PBXBuildFile; fileRef = 9D61ED581D3774FB00481AC0 /* YPTabItem.m */; };
		9D61ED5E1D37752700481AC0 /* ArticleModel.m in Sources */ = {isa = PBXBuildFile; fileRef = 9D61ED5D1D37752700481AC0 /* ArticleModel.m */; };
		9D6923661D3372ED00E3774D /* TopicViewController.m in Sources */ = {isa = PBXBuildFile; fileRef = 9D6923651D3372ED00E3774D /* TopicViewController.m */; };
		9D69236A1D33736E00E3774D /* TopicViewCell.m in Sources */ = {isa = PBXBuildFile; fileRef = 9D6923681D33736E00E3774D /* TopicViewCell.m */; };
		9D69236B1D33736E00E3774D /* TopicViewCell.xib in Resources */ = {isa = PBXBuildFile; fileRef = 9D6923691D33736E00E3774D /* TopicViewCell.xib */; };
		9D69236E1D3377D000E3774D /* TopicModel.m in Sources */ = {isa = PBXBuildFile; fileRef = 9D69236D1D3377D000E3774D /* TopicModel.m */; };
		9D6923711D33CA2100E3774D /* TopicDetailController.m in Sources */ = {isa = PBXBuildFile; fileRef = 9D6923701D33CA2100E3774D /* TopicDetailController.m */; };
		9D6923741D33CC9D00E3774D /* TopicDetailModel.m in Sources */ = {isa = PBXBuildFile; fileRef = 9D6923731D33CC9D00E3774D /* TopicDetailModel.m */; };
		9D8AED631D2385CF0059D92F /* HomePageButtonModel.m in Sources */ = {isa = PBXBuildFile; fileRef = 9D8AED621D2385CF0059D92F /* HomePageButtonModel.m */; };
		9D8AED7E1D23CEA50059D92F /* ChooseSonCell.m in Sources */ = {isa = PBXBuildFile; fileRef = 9D8AED7D1D23CEA50059D92F /* ChooseSonCell.m */; };
		9D8AED821D24AA5B0059D92F /* Hot_noPic_Cell.m in Sources */ = {isa = PBXBuildFile; fileRef = 9D8AED801D24AA5B0059D92F /* Hot_noPic_Cell.m */; };
		9D8AED831D24AA5B0059D92F /* Hot_noPic_Cell.xib in Resources */ = {isa = PBXBuildFile; fileRef = 9D8AED811D24AA5B0059D92F /* Hot_noPic_Cell.xib */; };
		9D8AED871D24AA800059D92F /* Hot_onePic_Cell.m in Sources */ = {isa = PBXBuildFile; fileRef = 9D8AED851D24AA7F0059D92F /* Hot_onePic_Cell.m */; };
		9D8AED881D24AA800059D92F /* Hot_onePic_Cell.xib in Resources */ = {isa = PBXBuildFile; fileRef = 9D8AED861D24AA7F0059D92F /* Hot_onePic_Cell.xib */; };
		9D8AED8C1D24AA9F0059D92F /* Hot_threePic_Cell.m in Sources */ = {isa = PBXBuildFile; fileRef = 9D8AED8A1D24AA9F0059D92F /* Hot_threePic_Cell.m */; };
		9D8AED8D1D24AA9F0059D92F /* Hot_threePic_Cell.xib in Resources */ = {isa = PBXBuildFile; fileRef = 9D8AED8B1D24AA9F0059D92F /* Hot_threePic_Cell.xib */; };
		9D8AED911D24AABB0059D92F /* Hot_bigPic_Cell.m in Sources */ = {isa = PBXBuildFile; fileRef = 9D8AED8F1D24AABB0059D92F /* Hot_bigPic_Cell.m */; };
		9D8AED921D24AABB0059D92F /* Hot_bigPic_Cell.xib in Resources */ = {isa = PBXBuildFile; fileRef = 9D8AED901D24AABB0059D92F /* Hot_bigPic_Cell.xib */; };
		9D8AED9F1D24C2F30059D92F /* ic_add_circle_48px.png in Resources */ = {isa = PBXBuildFile; fileRef = 9D8AED9B1D24C2F30059D92F /* ic_add_circle_48px.png */; };
		9D8AEDA01D24C2F30059D92F /* ic_add_circle_outline_48px.png in Resources */ = {isa = PBXBuildFile; fileRef = 9D8AED9C1D24C2F30059D92F /* ic_add_circle_outline_48px.png */; };
		9D8AEDA11D24C2F30059D92F /* ic_remove_circle_48px.png in Resources */ = {isa = PBXBuildFile; fileRef = 9D8AED9D1D24C2F30059D92F /* ic_remove_circle_48px.png */; };
		9D8AEDA21D24C2F30059D92F /* ic_remove_circle_outline_48px.png in Resources */ = {isa = PBXBuildFile; fileRef = 9D8AED9E1D24C2F30059D92F /* ic_remove_circle_outline_48px.png */; };
		9D8AEE791D26B4920059D92F /* HomePageDBManager.m in Sources */ = {isa = PBXBuildFile; fileRef = 9D8AEE761D26B4920059D92F /* HomePageDBManager.m */; };
		9D8AEE7A1D26B4920059D92F /* NewsWebViewController.m in Sources */ = {isa = PBXBuildFile; fileRef = 9D8AEE781D26B4920059D92F /* NewsWebViewController.m */; };
		9D8AEE7F1D26B4B50059D92F /* ChooseSonViewController.m in Sources */ = {isa = PBXBuildFile; fileRef = 9D8AEE7C1D26B4B50059D92F /* ChooseSonViewController.m */; };
		9D8AEE801D26B4B50059D92F /* ColumViewController.m in Sources */ = {isa = PBXBuildFile; fileRef = 9D8AEE7E1D26B4B50059D92F /* ColumViewController.m */; };
		9D8B2E8B1D228B9400FF0F0E /* HomePageViewController.m in Sources */ = {isa = PBXBuildFile; fileRef = 9D8B2D881D228B9300FF0F0E /* HomePageViewController.m */; };
		9D8B2E8C1D228B9400FF0F0E /* HomeTopModel.m in Sources */ = {isa = PBXBuildFile; fileRef = 9D8B2D8B1D228B9300FF0F0E /* HomeTopModel.m */; };
		9D8B2E8E1D228B9400FF0F0E /* HotPointViewController.m in Sources */ = {isa = PBXBuildFile; fileRef = 9D8B2D921D228B9300FF0F0E /* HotPointViewController.m */; };
		9D8B2E8F1D228B9400FF0F0E /* HotPointModel.m in Sources */ = {isa = PBXBuildFile; fileRef = 9D8B2D951D228B9300FF0F0E /* HotPointModel.m */; };
		9D8B2E901D228B9400FF0F0E /* HotPointCell.m in Sources */ = {isa = PBXBuildFile; fileRef = 9D8B2D981D228B9300FF0F0E /* HotPointCell.m */; };
		9D8B2E911D228B9400FF0F0E /* PlayenjoyViewController.m in Sources */ = {isa = PBXBuildFile; fileRef = 9D8B2D9C1D228B9300FF0F0E /* PlayenjoyViewController.m */; };
		9D8B2E921D228B9400FF0F0E /* EnjoyModel.m in Sources */ = {isa = PBXBuildFile; fileRef = 9D8B2D9F1D228B9300FF0F0E /* EnjoyModel.m */; };
		9D8B2E931D228B9400FF0F0E /* EnjoyCell.m in Sources */ = {isa = PBXBuildFile; fileRef = 9D8B2DA21D228B9300FF0F0E /* EnjoyCell.m */; };
		9D8B2E971D228B9400FF0F0E /* MyZoneViewController.m in Sources */ = {isa = PBXBuildFile; fileRef = 9D8B2DAC1D228B9300FF0F0E /* MyZoneViewController.m */; };
		9D8B2E9A1D228B9400FF0F0E /* ZoneBestViewController.m in Sources */ = {isa = PBXBuildFile; fileRef = 9D8B2DB21D228B9300FF0F0E /* ZoneBestViewController.m */; };
		9D8B2E9B1D228B9400FF0F0E /* ZoneDetaiViewController.m in Sources */ = {isa = PBXBuildFile; fileRef = 9D8B2DB41D228B9300FF0F0E /* ZoneDetaiViewController.m */; };
		9D8B2E9C1D228B9400FF0F0E /* ZoneDiscvViewController.m in Sources */ = {isa = PBXBuildFile; fileRef = 9D8B2DB61D228B9300FF0F0E /* ZoneDiscvViewController.m */; };
		9D8B2E9D1D228B9400FF0F0E /* ChooseModel.m in Sources */ = {isa = PBXBuildFile; fileRef = 9D8B2DB91D228B9300FF0F0E /* ChooseModel.m */; };
		9D8B2E9E1D228B9400FF0F0E /* ZoneBestModel.m in Sources */ = {isa = PBXBuildFile; fileRef = 9D8B2DBB1D228B9300FF0F0E /* ZoneBestModel.m */; };
		9D8B2E9F1D228B9400FF0F0E /* ZoneDisModel.m in Sources */ = {isa = PBXBuildFile; fileRef = 9D8B2DBD1D228B9300FF0F0E /* ZoneDisModel.m */; };
		9D8B2EA21D228B9400FF0F0E /* ZoneBestCell.m in Sources */ = {isa = PBXBuildFile; fileRef = 9D8B2DC41D228B9300FF0F0E /* ZoneBestCell.m */; };
		9D8B2EA31D228B9400FF0F0E /* ZoneBestCell.xib in Resources */ = {isa = PBXBuildFile; fileRef = 9D8B2DC51D228B9300FF0F0E /* ZoneBestCell.xib */; };
		9D8B2EA41D228B9400FF0F0E /* ZoneDisCell.m in Sources */ = {isa = PBXBuildFile; fileRef = 9D8B2DC71D228B9300FF0F0E /* ZoneDisCell.m */; };
		9D8B2EA51D228B9400FF0F0E /* ZoneDisCell.xib in Resources */ = {isa = PBXBuildFile; fileRef = 9D8B2DC81D228B9300FF0F0E /* ZoneDisCell.xib */; };
		9D8B2EA71D228B9400FF0F0E /* ic_account_balance_48px.png in Resources */ = {isa = PBXBuildFile; fileRef = 9D8B2DCC1D228B9300FF0F0E /* ic_account_balance_48px.png */; };
		9D8B2EA81D228B9400FF0F0E /* ic_account_circle_48px.png in Resources */ = {isa = PBXBuildFile; fileRef = 9D8B2DCD1D228B9300FF0F0E /* ic_account_circle_48px.png */; };
		9D8B2EA91D228B9400FF0F0E /* ic_add_shopping_cart_48px.png in Resources */ = {isa = PBXBuildFile; fileRef = 9D8B2DCE1D228B9300FF0F0E /* ic_add_shopping_cart_48px.png */; };
		9D8B2EAA1D228B9400FF0F0E /* ic_adjust_48px.png in Resources */ = {isa = PBXBuildFile; fileRef = 9D8B2DCF1D228B9300FF0F0E /* ic_adjust_48px.png */; };
		9D8B2EAB1D228B9400FF0F0E /* ic_arrow_back_48px.png in Resources */ = {isa = PBXBuildFile; fileRef = 9D8B2DD01D228B9300FF0F0E /* ic_arrow_back_48px.png */; };
		9D8B2EAE1D228B9400FF0F0E /* ic_casino_black_48px.png in Resources */ = {isa = PBXBuildFile; fileRef = 9D8B2DD31D228B9300FF0F0E /* ic_casino_black_48px.png */; };
		9D8B2EAF1D228B9400FF0F0E /* ic_center_focus_strong_48px.png in Resources */ = {isa = PBXBuildFile; fileRef = 9D8B2DD41D228B9300FF0F0E /* ic_center_focus_strong_48px.png */; };
		9D8B2EB01D228B9400FF0F0E /* ic_center_focus_weak_48px.png in Resources */ = {isa = PBXBuildFile; fileRef = 9D8B2DD51D228B9300FF0F0E /* ic_center_focus_weak_48px.png */; };
		9D8B2EB11D228B9400FF0F0E /* ic_chat_bubble_outline_48px.png in Resources */ = {isa = PBXBuildFile; fileRef = 9D8B2DD61D228B9300FF0F0E /* ic_chat_bubble_outline_48px.png */; };
		9D8B2EB21D228B9400FF0F0E /* ic_check_box_outline_blank_48px.png in Resources */ = {isa = PBXBuildFile; fileRef = 9D8B2DD71D228B9300FF0F0E /* ic_check_box_outline_blank_48px.png */; };
		9D8B2EB31D228B9400FF0F0E /* ic_child_care_black_48px.png in Resources */ = {isa = PBXBuildFile; fileRef = 9D8B2DD81D228B9300FF0F0E /* ic_child_care_black_48px.png */; };
		9D8B2EB41D228B9400FF0F0E /* ic_create_48px.png in Resources */ = {isa = PBXBuildFile; fileRef = 9D8B2DD91D228B9300FF0F0E /* ic_create_48px.png */; };
		9D8B2EB51D228B9400FF0F0E /* ic_delete_sweep_black_48px.png in Resources */ = {isa = PBXBuildFile; fileRef = 9D8B2DDA1D228B9300FF0F0E /* ic_delete_sweep_black_48px.png */; };
		9D8B2EB61D228B9400FF0F0E /* ic_fast_forward_48px.png in Resources */ = {isa = PBXBuildFile; fileRef = 9D8B2DDB1D228B9300FF0F0E /* ic_fast_forward_48px.png */; };
		9D8B2EB71D228B9400FF0F0E /* ic_feedback_48px.png in Resources */ = {isa = PBXBuildFile; fileRef = 9D8B2DDC1D228B9300FF0F0E /* ic_feedback_48px.png */; };
		9D8B2EB81D228B9400FF0F0E /* ic_filter_tilt_shift_48px.png in Resources */ = {isa = PBXBuildFile; fileRef = 9D8B2DDD1D228B9300FF0F0E /* ic_filter_tilt_shift_48px.png */; };
		9D8B2EB91D228B9400FF0F0E /* ic_fingerprint_black_48px.png in Resources */ = {isa = PBXBuildFile; fileRef = 9D8B2DDE1D228B9300FF0F0E /* ic_fingerprint_black_48px.png */; };
		9D8B2EBA1D228B9400FF0F0E /* ic_group_48px.png in Resources */ = {isa = PBXBuildFile; fileRef = 9D8B2DDF1D228B9300FF0F0E /* ic_group_48px.png */; };
		9D8B2EBC1D228B9400FF0F0E /* ic_hdr_weak_48px.png in Resources */ = {isa = PBXBuildFile; fileRef = 9D8B2DE11D228B9300FF0F0E /* ic_hdr_weak_48px.png */; };
		9D8B2EBD1D228B9400FF0F0E /* ic_keyboard_arrow_right_48px.png in Resources */ = {isa = PBXBuildFile; fileRef = 9D8B2DE21D228B9300FF0F0E /* ic_keyboard_arrow_right_48px.png */; };
		9D8B2EBE1D228B9400FF0F0E /* ic_launch_48px.png in Resources */ = {isa = PBXBuildFile; fileRef = 9D8B2DE31D228B9300FF0F0E /* ic_launch_48px.png */; };
		9D8B2EBF1D228B9400FF0F0E /* ic_loyalty_48px.png in Resources */ = {isa = PBXBuildFile; fileRef = 9D8B2DE41D228B9300FF0F0E /* ic_loyalty_48px.png */; };
		9D8B2EC01D228B9400FF0F0E /* ic_motorcycle_black_48px.png in Resources */ = {isa = PBXBuildFile; fileRef = 9D8B2DE51D228B9300FF0F0E /* ic_motorcycle_black_48px.png */; };
		9D8B2EC11D228B9400FF0F0E /* ic_opacity_black_48px.png in Resources */ = {isa = PBXBuildFile; fileRef = 9D8B2DE61D228B9300FF0F0E /* ic_opacity_black_48px.png */; };
		9D8B2EC21D228B9400FF0F0E /* ic_open_in_new_48px.png in Resources */ = {isa = PBXBuildFile; fileRef = 9D8B2DE71D228B9300FF0F0E /* ic_open_in_new_48px.png */; };
		9D8B2EC31D228B9400FF0F0E /* ic_radio_button_checked_48px.png in Resources */ = {isa = PBXBuildFile; fileRef = 9D8B2DE81D228B9300FF0F0E /* ic_radio_button_checked_48px.png */; };
		9D8B2EC41D228B9400FF0F0E /* ic_radio_button_unchecked_48px.png in Resources */ = {isa = PBXBuildFile; fileRef = 9D8B2DE91D228B9300FF0F0E /* ic_radio_button_unchecked_48px.png */; };
		9D8B2EC51D228B9400FF0F0E /* ic_settings_48px.png in Resources */ = {isa = PBXBuildFile; fileRef = 9D8B2DEA1D228B9300FF0F0E /* ic_settings_48px.png */; };
		9D8B2EC61D228B9400FF0F0E /* ic_sms_48px.png in Resources */ = {isa = PBXBuildFile; fileRef = 9D8B2DEB1D228B9300FF0F0E /* ic_sms_48px.png */; };
		9D8B2EC71D228B9400FF0F0E /* ic_textsms_48px.png in Resources */ = {isa = PBXBuildFile; fileRef = 9D8B2DEC1D228B9300FF0F0E /* ic_textsms_48px.png */; };
		9D8B2EC81D228B9400FF0F0E /* ic_thumb_up_48px.png in Resources */ = {isa = PBXBuildFile; fileRef = 9D8B2DED1D228B9300FF0F0E /* ic_thumb_up_48px.png */; };
		9D8B2EC91D228B9400FF0F0E /* ic_timeline_black_48px.png in Resources */ = {isa = PBXBuildFile; fileRef = 9D8B2DEE1D228B9300FF0F0E /* ic_timeline_black_48px.png */; };
		9D8B2ECA1D228B9400FF0F0E /* ic_visibility_48px.png in Resources */ = {isa = PBXBuildFile; fileRef = 9D8B2DEF1D228B9300FF0F0E /* ic_visibility_48px.png */; };
		9D8B2ECB1D228B9400FF0F0E /* ic_whatshot_48px.png in Resources */ = {isa = PBXBuildFile; fileRef = 9D8B2DF01D228B9300FF0F0E /* ic_whatshot_48px.png */; };
		9D8B2ECD1D228B9400FF0F0E /* Map Marker.png in Resources */ = {isa = PBXBuildFile; fileRef = 9D8B2DF21D228B9300FF0F0E /* Map Marker.png */; };
		9D8B2ECE1D228B9400FF0F0E /* 提示底.png in Resources */ = {isa = PBXBuildFile; fileRef = 9D8B2DF31D228B9300FF0F0E /* 提示底.png */; };
		9D8B2ECF1D228B9400FF0F0E /* 提示底@2x.png in Resources */ = {isa = PBXBuildFile; fileRef = 9D8B2DF41D228B9300FF0F0E /* 提示底@2x.png */; };
		9D8B2ED01D228B9400FF0F0E /* DownloadData.m in Sources */ = {isa = PBXBuildFile; fileRef = 9D8B2DF81D228B9300FF0F0E /* DownloadData.m */; };
		9D8B2ED11D228B9400FF0F0E /* FactoryUtil.m in Sources */ = {isa = PBXBuildFile; fileRef = 9D8B2DFA1D228B9300FF0F0E /* FactoryUtil.m */; };
		9D8B2F111D228C7400FF0F0E /* libsqlite3.tbd in Frameworks */ = {isa = PBXBuildFile; fileRef = 9D8B2F101D228C7400FF0F0E /* libsqlite3.tbd */; settings = {ATTRIBUTES = (Required, ); }; };
		9D8B2F141D228E3700FF0F0E /* HomeTopScrollView.m in Sources */ = {isa = PBXBuildFile; fileRef = 9D8B2F131D228E3700FF0F0E /* HomeTopScrollView.m */; };
		9D8B2F1C1D22D07200FF0F0E /* HomeChooseViewController.m in Sources */ = {isa = PBXBuildFile; fileRef = 9D8B2F1B1D22D07200FF0F0E /* HomeChooseViewController.m */; };
		9D8B2F1F1D22D1CB00FF0F0E /* HomePageButtonCell.m in Sources */ = {isa = PBXBuildFile; fileRef = 9D8B2F1E1D22D1CB00FF0F0E /* HomePageButtonCell.m */; };
		9D8B2F251D22D65800FF0F0E /* CategoryChooseCell.m in Sources */ = {isa = PBXBuildFile; fileRef = 9D8B2F231D22D65800FF0F0E /* CategoryChooseCell.m */; };
		9D95E7591D2D1B3E00665854 /* MyLayOut.m in Sources */ = {isa = PBXBuildFile; fileRef = 9D95E7581D2D1B3E00665854 /* MyLayOut.m */; };
		9D95E7601D2D405A00665854 /* ColumnHeaderCollectionViewCell.m in Sources */ = {isa = PBXBuildFile; fileRef = 9D95E75E1D2D405A00665854 /* ColumnHeaderCollectionViewCell.m */; };
		9D95E7651D2D505A00665854 /* MyCollectionViewCell.m in Sources */ = {isa = PBXBuildFile; fileRef = 9D95E7631D2D505A00665854 /* MyCollectionViewCell.m */; };
		9D95E7661D2D505A00665854 /* MyCollectionViewCell.xib in Resources */ = {isa = PBXBuildFile; fileRef = 9D95E7641D2D505A00665854 /* MyCollectionViewCell.xib */; };
		9D95E8411D3107B700665854 /* allDataModel.m in Sources */ = {isa = PBXBuildFile; fileRef = 9D95E8401D3107B700665854 /* allDataModel.m */; };
		9DB9E2001D349FD000D4BFFC /* MyCollectionCell.m in Sources */ = {isa = PBXBuildFile; fileRef = 9DB9E1FE1D349FD000D4BFFC /* MyCollectionCell.m */; };
		9DB9E2011D349FD000D4BFFC /* MyCollectionCell.xib in Resources */ = {isa = PBXBuildFile; fileRef = 9DB9E1FF1D349FD000D4BFFC /* MyCollectionCell.xib */; };
		9DB9E2051D34CC0A00D4BFFC /* ic_keyboard_arrow_left_48px.png in Resources */ = {isa = PBXBuildFile; fileRef = 9DB9E2041D34CC0A00D4BFFC /* ic_keyboard_arrow_left_48px.png */; };
		9DB9E2991D363BF800D4BFFC /* ic_autorenew_48px.png in Resources */ = {isa = PBXBuildFile; fileRef = 9DB9E28C1D363BF800D4BFFC /* ic_autorenew_48px.png */; };
		9DB9E29A1D363BF800D4BFFC /* ic_card_giftcard_48px.png in Resources */ = {isa = PBXBuildFile; fileRef = 9DB9E28D1D363BF800D4BFFC /* ic_card_giftcard_48px.png */; };
		9DB9E29B1D363BF800D4BFFC /* ic_change_history_48px.png in Resources */ = {isa = PBXBuildFile; fileRef = 9DB9E28E1D363BF800D4BFFC /* ic_change_history_48px.png */; };
		9DB9E29C1D363BF800D4BFFC /* ic_clear_48px.png in Resources */ = {isa = PBXBuildFile; fileRef = 9DB9E28F1D363BF800D4BFFC /* ic_clear_48px.png */; };
		9DB9E29D1D363BF800D4BFFC /* ic_content_copy_48px.png in Resources */ = {isa = PBXBuildFile; fileRef = 9DB9E2901D363BF800D4BFFC /* ic_content_copy_48px.png */; };
		9DB9E29E1D363BF800D4BFFC /* ic_donut_large_black_48px.png in Resources */ = {isa = PBXBuildFile; fileRef = 9DB9E2911D363BF800D4BFFC /* ic_donut_large_black_48px.png */; };
		9DB9E29F1D363BF800D4BFFC /* ic_highlight_off_48px.png in Resources */ = {isa = PBXBuildFile; fileRef = 9DB9E2921D363BF800D4BFFC /* ic_highlight_off_48px.png */; };
		9DB9E2A01D363BF800D4BFFC /* ic_refresh_48px.png in Resources */ = {isa = PBXBuildFile; fileRef = 9DB9E2931D363BF800D4BFFC /* ic_refresh_48px.png */; };
		9DB9E2A11D363BF800D4BFFC /* ic_sentiment_satisfied_black_48px.png in Resources */ = {isa = PBXBuildFile; fileRef = 9DB9E2941D363BF800D4BFFC /* ic_sentiment_satisfied_black_48px.png */; };
		9DB9E2A21D363BF800D4BFFC /* ic_sentiment_very_dissatisfied_black_48px.png in Resources */ = {isa = PBXBuildFile; fileRef = 9DB9E2951D363BF800D4BFFC /* ic_sentiment_very_dissatisfied_black_48px.png */; };
		9DB9E2A31D363BF800D4BFFC /* ic_sentiment_very_satisfied_black_48px.png in Resources */ = {isa = PBXBuildFile; fileRef = 9DB9E2961D363BF800D4BFFC /* ic_sentiment_very_satisfied_black_48px.png */; };
		9DB9E2A41D363BF800D4BFFC /* ic_turned_in_not_48px.png in Resources */ = {isa = PBXBuildFile; fileRef = 9DB9E2971D363BF800D4BFFC /* ic_turned_in_not_48px.png */; };
		9DB9E2A51D363BF800D4BFFC /* ic_widgets_48px.png in Resources */ = {isa = PBXBuildFile; fileRef = 9DB9E2981D363BF800D4BFFC /* ic_widgets_48px.png */; };
		9DB9E2A71D366DFE00D4BFFC /* ic_data_usage_48px.png in Resources */ = {isa = PBXBuildFile; fileRef = 9DB9E2A61D366DFE00D4BFFC /* ic_data_usage_48px.png */; };
		9DB9E2A91D366E4600D4BFFC /* ic_bubble_chart_black_48px.png in Resources */ = {isa = PBXBuildFile; fileRef = 9DB9E2A81D366E4600D4BFFC /* ic_bubble_chart_black_48px.png */; };
		9DB9E2AC1D36728400D4BFFC /* icon2x.png in Resources */ = {isa = PBXBuildFile; fileRef = 9DB9E2AA1D36728400D4BFFC /* icon2x.png */; };
		9DB9E2AD1D36728400D4BFFC /* icon3x.png in Resources */ = {isa = PBXBuildFile; fileRef = 9DB9E2AB1D36728400D4BFFC /* icon3x.png */; };
/* End PBXBuildFile section */

/* Begin PBXFileReference section */
		9D03F4C21D1D38DC00D140B1 /* BlackDot.app */ = {isa = PBXFileReference; explicitFileType = wrapper.application; includeInIndex = 0; path = BlackDot.app; sourceTree = BUILT_PRODUCTS_DIR; };
		9D03F4C61D1D38DC00D140B1 /* main.m */ = {isa = PBXFileReference; lastKnownFileType = sourcecode.c.objc; path = main.m; sourceTree = "<group>"; };
		9D03F4C81D1D38DC00D140B1 /* AppDelegate.h */ = {isa = PBXFileReference; lastKnownFileType = sourcecode.c.h; path = AppDelegate.h; sourceTree = "<group>"; };
		9D03F4C91D1D38DC00D140B1 /* AppDelegate.m */ = {isa = PBXFileReference; lastKnownFileType = sourcecode.c.objc; path = AppDelegate.m; sourceTree = "<group>"; };
		9D03F4CB1D1D38DC00D140B1 /* ViewController.h */ = {isa = PBXFileReference; lastKnownFileType = sourcecode.c.h; path = ViewController.h; sourceTree = "<group>"; };
		9D03F4CC1D1D38DC00D140B1 /* ViewController.m */ = {isa = PBXFileReference; lastKnownFileType = sourcecode.c.objc; path = ViewController.m; sourceTree = "<group>"; };
		9D03F4CF1D1D38DC00D140B1 /* Base */ = {isa = PBXFileReference; lastKnownFileType = file.storyboard; name = Base; path = Base.lproj/Main.storyboard; sourceTree = "<group>"; };
		9D03F4D11D1D38DC00D140B1 /* Assets.xcassets */ = {isa = PBXFileReference; lastKnownFileType = folder.assetcatalog; path = Assets.xcassets; sourceTree = "<group>"; };
		9D03F4D41D1D38DC00D140B1 /* Base */ = {isa = PBXFileReference; lastKnownFileType = file.storyboard; name = Base; path = Base.lproj/LaunchScreen.storyboard; sourceTree = "<group>"; };
		9D03F4D61D1D38DC00D140B1 /* Info.plist */ = {isa = PBXFileReference; lastKnownFileType = text.plist.xml; path = Info.plist; sourceTree = "<group>"; };
		9D03F50C1D1D39D400D140B1 /* NavViewController.h */ = {isa = PBXFileReference; fileEncoding = 4; lastKnownFileType = sourcecode.c.h; path = NavViewController.h; sourceTree = "<group>"; };
		9D03F50D1D1D39D400D140B1 /* NavViewController.m */ = {isa = PBXFileReference; fileEncoding = 4; lastKnownFileType = sourcecode.c.objc; path = NavViewController.m; sourceTree = "<group>"; };
		9D61ED3E1D37688800481AC0 /* icon_120x120.png */ = {isa = PBXFileReference; lastKnownFileType = image.png; path = icon_120x120.png; sourceTree = "<group>"; };
		9D61ED3F1D37688800481AC0 /* icon_180x180.png */ = {isa = PBXFileReference; lastKnownFileType = image.png; path = icon_180x180.png; sourceTree = "<group>"; };
		9D61ED421D376A4600481AC0 /* icon_29x29.png */ = {isa = PBXFileReference; lastKnownFileType = image.png; path = icon_29x29.png; sourceTree = "<group>"; };
		9D61ED431D376A4600481AC0 /* icon_58x58.png */ = {isa = PBXFileReference; lastKnownFileType = image.png; path = icon_58x58.png; sourceTree = "<group>"; };
		9D61ED441D376A4600481AC0 /* icon_87x87.png */ = {isa = PBXFileReference; lastKnownFileType = image.png; path = icon_87x87.png; sourceTree = "<group>"; };
		9D61ED481D376A6D00481AC0 /* icon_80x80.png */ = {isa = PBXFileReference; lastKnownFileType = image.png; path = icon_80x80.png; sourceTree = "<group>"; };
		9D61ED4A1D376D7500481AC0 /* brandHD5.png */ = {isa = PBXFileReference; lastKnownFileType = image.png; path = brandHD5.png; sourceTree = "<group>"; };
		9D61ED4C1D376E0800481AC0 /* brand750x1334.png */ = {isa = PBXFileReference; lastKnownFileType = image.png; path = brand750x1334.png; sourceTree = "<group>"; };
		9D61ED4E1D37716C00481AC0 /* brand640X960.png */ = {isa = PBXFileReference; lastKnownFileType = image.png; path = brand640X960.png; sourceTree = "<group>"; };
		9D61ED4F1D37716C00481AC0 /* brand640X1136.png */ = {isa = PBXFileReference; lastKnownFileType = image.png; path = brand640X1136.png; sourceTree = "<group>"; };
		9D61ED531D3774FB00481AC0 /* YPTabBar.h */ = {isa = PBXFileReference; fileEncoding = 4; lastKnownFileType = sourcecode.c.h; path = YPTabBar.h; sourceTree = "<group>"; };
		9D61ED541D3774FB00481AC0 /* YPTabBar.m */ = {isa = PBXFileReference; fileEncoding = 4; lastKnownFileType = sourcecode.c.objc; path = YPTabBar.m; sourceTree = "<group>"; };
		9D61ED551D3774FB00481AC0 /* YPTabBarController.h */ = {isa = PBXFileReference; fileEncoding = 4; lastKnownFileType = sourcecode.c.h; path = YPTabBarController.h; sourceTree = "<group>"; };
		9D61ED561D3774FB00481AC0 /* YPTabBarController.m */ = {isa = PBXFileReference; fileEncoding = 4; lastKnownFileType = sourcecode.c.objc; path = YPTabBarController.m; sourceTree = "<group>"; };
		9D61ED571D3774FB00481AC0 /* YPTabItem.h */ = {isa = PBXFileReference; fileEncoding = 4; lastKnownFileType = sourcecode.c.h; path = YPTabItem.h; sourceTree = "<group>"; };
		9D61ED581D3774FB00481AC0 /* YPTabItem.m */ = {isa = PBXFileReference; fileEncoding = 4; lastKnownFileType = sourcecode.c.objc; path = YPTabItem.m; sourceTree = "<group>"; };
		9D61ED5C1D37752700481AC0 /* ArticleModel.h */ = {isa = PBXFileReference; fileEncoding = 4; lastKnownFileType = sourcecode.c.h; path = ArticleModel.h; sourceTree = "<group>"; };
		9D61ED5D1D37752700481AC0 /* ArticleModel.m */ = {isa = PBXFileReference; fileEncoding = 4; lastKnownFileType = sourcecode.c.objc; path = ArticleModel.m; sourceTree = "<group>"; };
		9D6923641D3372ED00E3774D /* TopicViewController.h */ = {isa = PBXFileReference; fileEncoding = 4; lastKnownFileType = sourcecode.c.h; path = TopicViewController.h; sourceTree = "<group>"; };
		9D6923651D3372ED00E3774D /* TopicViewController.m */ = {isa = PBXFileReference; fileEncoding = 4; lastKnownFileType = sourcecode.c.objc; path = TopicViewController.m; sourceTree = "<group>"; };
		9D6923671D33736E00E3774D /* TopicViewCell.h */ = {isa = PBXFileReference; fileEncoding = 4; lastKnownFileType = sourcecode.c.h; path = TopicViewCell.h; sourceTree = "<group>"; };
		9D6923681D33736E00E3774D /* TopicViewCell.m */ = {isa = PBXFileReference; fileEncoding = 4; lastKnownFileType = sourcecode.c.objc; path = TopicViewCell.m; sourceTree = "<group>"; };
		9D6923691D33736E00E3774D /* TopicViewCell.xib */ = {isa = PBXFileReference; fileEncoding = 4; lastKnownFileType = file.xib; path = TopicViewCell.xib; sourceTree = "<group>"; };
		9D69236C1D3377D000E3774D /* TopicModel.h */ = {isa = PBXFileReference; fileEncoding = 4; lastKnownFileType = sourcecode.c.h; path = TopicModel.h; sourceTree = "<group>"; };
		9D69236D1D3377D000E3774D /* TopicModel.m */ = {isa = PBXFileReference; fileEncoding = 4; lastKnownFileType = sourcecode.c.objc; path = TopicModel.m; sourceTree = "<group>"; };
		9D69236F1D33CA2100E3774D /* TopicDetailController.h */ = {isa = PBXFileReference; fileEncoding = 4; lastKnownFileType = sourcecode.c.h; path = TopicDetailController.h; sourceTree = "<group>"; };
		9D6923701D33CA2100E3774D /* TopicDetailController.m */ = {isa = PBXFileReference; fileEncoding = 4; lastKnownFileType = sourcecode.c.objc; path = TopicDetailController.m; sourceTree = "<group>"; };
		9D6923721D33CC9D00E3774D /* TopicDetailModel.h */ = {isa = PBXFileReference; fileEncoding = 4; lastKnownFileType = sourcecode.c.h; path = TopicDetailModel.h; sourceTree = "<group>"; };
		9D6923731D33CC9D00E3774D /* TopicDetailModel.m */ = {isa = PBXFileReference; fileEncoding = 4; lastKnownFileType = sourcecode.c.objc; path = TopicDetailModel.m; sourceTree = "<group>"; };
		9D8AED611D2385CF0059D92F /* HomePageButtonModel.h */ = {isa = PBXFileReference; fileEncoding = 4; lastKnownFileType = sourcecode.c.h; path = HomePageButtonModel.h; sourceTree = "<group>"; };
		9D8AED621D2385CF0059D92F /* HomePageButtonModel.m */ = {isa = PBXFileReference; fileEncoding = 4; lastKnownFileType = sourcecode.c.objc; path = HomePageButtonModel.m; sourceTree = "<group>"; };
		9D8AED7C1D23CEA50059D92F /* ChooseSonCell.h */ = {isa = PBXFileReference; fileEncoding = 4; lastKnownFileType = sourcecode.c.h; path = ChooseSonCell.h; sourceTree = "<group>"; };
		9D8AED7D1D23CEA50059D92F /* ChooseSonCell.m */ = {isa = PBXFileReference; fileEncoding = 4; lastKnownFileType = sourcecode.c.objc; path = ChooseSonCell.m; sourceTree = "<group>"; };
		9D8AED7F1D24AA5B0059D92F /* Hot_noPic_Cell.h */ = {isa = PBXFileReference; fileEncoding = 4; lastKnownFileType = sourcecode.c.h; path = Hot_noPic_Cell.h; sourceTree = "<group>"; };
		9D8AED801D24AA5B0059D92F /* Hot_noPic_Cell.m */ = {isa = PBXFileReference; fileEncoding = 4; lastKnownFileType = sourcecode.c.objc; path = Hot_noPic_Cell.m; sourceTree = "<group>"; };
		9D8AED811D24AA5B0059D92F /* Hot_noPic_Cell.xib */ = {isa = PBXFileReference; fileEncoding = 4; lastKnownFileType = file.xib; path = Hot_noPic_Cell.xib; sourceTree = "<group>"; };
		9D8AED841D24AA7F0059D92F /* Hot_onePic_Cell.h */ = {isa = PBXFileReference; fileEncoding = 4; lastKnownFileType = sourcecode.c.h; path = Hot_onePic_Cell.h; sourceTree = "<group>"; };
		9D8AED851D24AA7F0059D92F /* Hot_onePic_Cell.m */ = {isa = PBXFileReference; fileEncoding = 4; lastKnownFileType = sourcecode.c.objc; path = Hot_onePic_Cell.m; sourceTree = "<group>"; };
		9D8AED861D24AA7F0059D92F /* Hot_onePic_Cell.xib */ = {isa = PBXFileReference; fileEncoding = 4; lastKnownFileType = file.xib; path = Hot_onePic_Cell.xib; sourceTree = "<group>"; };
		9D8AED891D24AA9F0059D92F /* Hot_threePic_Cell.h */ = {isa = PBXFileReference; fileEncoding = 4; lastKnownFileType = sourcecode.c.h; path = Hot_threePic_Cell.h; sourceTree = "<group>"; };
		9D8AED8A1D24AA9F0059D92F /* Hot_threePic_Cell.m */ = {isa = PBXFileReference; fileEncoding = 4; lastKnownFileType = sourcecode.c.objc; path = Hot_threePic_Cell.m; sourceTree = "<group>"; };
		9D8AED8B1D24AA9F0059D92F /* Hot_threePic_Cell.xib */ = {isa = PBXFileReference; fileEncoding = 4; lastKnownFileType = file.xib; path = Hot_threePic_Cell.xib; sourceTree = "<group>"; };
		9D8AED8E1D24AABB0059D92F /* Hot_bigPic_Cell.h */ = {isa = PBXFileReference; fileEncoding = 4; lastKnownFileType = sourcecode.c.h; path = Hot_bigPic_Cell.h; sourceTree = "<group>"; };
		9D8AED8F1D24AABB0059D92F /* Hot_bigPic_Cell.m */ = {isa = PBXFileReference; fileEncoding = 4; lastKnownFileType = sourcecode.c.objc; path = Hot_bigPic_Cell.m; sourceTree = "<group>"; };
		9D8AED901D24AABB0059D92F /* Hot_bigPic_Cell.xib */ = {isa = PBXFileReference; fileEncoding = 4; lastKnownFileType = file.xib; path = Hot_bigPic_Cell.xib; sourceTree = "<group>"; };
		9D8AED9B1D24C2F30059D92F /* ic_add_circle_48px.png */ = {isa = PBXFileReference; lastKnownFileType = image.png; path = ic_add_circle_48px.png; sourceTree = "<group>"; };
		9D8AED9C1D24C2F30059D92F /* ic_add_circle_outline_48px.png */ = {isa = PBXFileReference; lastKnownFileType = image.png; path = ic_add_circle_outline_48px.png; sourceTree = "<group>"; };
		9D8AED9D1D24C2F30059D92F /* ic_remove_circle_48px.png */ = {isa = PBXFileReference; lastKnownFileType = image.png; path = ic_remove_circle_48px.png; sourceTree = "<group>"; };
		9D8AED9E1D24C2F30059D92F /* ic_remove_circle_outline_48px.png */ = {isa = PBXFileReference; lastKnownFileType = image.png; path = ic_remove_circle_outline_48px.png; sourceTree = "<group>"; };
		9D8AEE751D26B4920059D92F /* HomePageDBManager.h */ = {isa = PBXFileReference; fileEncoding = 4; lastKnownFileType = sourcecode.c.h; path = HomePageDBManager.h; sourceTree = "<group>"; };
		9D8AEE761D26B4920059D92F /* HomePageDBManager.m */ = {isa = PBXFileReference; fileEncoding = 4; lastKnownFileType = sourcecode.c.objc; path = HomePageDBManager.m; sourceTree = "<group>"; };
		9D8AEE771D26B4920059D92F /* NewsWebViewController.h */ = {isa = PBXFileReference; fileEncoding = 4; lastKnownFileType = sourcecode.c.h; path = NewsWebViewController.h; sourceTree = "<group>"; };
		9D8AEE781D26B4920059D92F /* NewsWebViewController.m */ = {isa = PBXFileReference; fileEncoding = 4; lastKnownFileType = sourcecode.c.objc; path = NewsWebViewController.m; sourceTree = "<group>"; };
		9D8AEE7B1D26B4B50059D92F /* ChooseSonViewController.h */ = {isa = PBXFileReference; fileEncoding = 4; lastKnownFileType = sourcecode.c.h; path = ChooseSonViewController.h; sourceTree = "<group>"; };
		9D8AEE7C1D26B4B50059D92F /* ChooseSonViewController.m */ = {isa = PBXFileReference; fileEncoding = 4; lastKnownFileType = sourcecode.c.objc; path = ChooseSonViewController.m; sourceTree = "<group>"; };
		9D8AEE7D1D26B4B50059D92F /* ColumViewController.h */ = {isa = PBXFileReference; fileEncoding = 4; lastKnownFileType = sourcecode.c.h; path = ColumViewController.h; sourceTree = "<group>"; };
		9D8AEE7E1D26B4B50059D92F /* ColumViewController.m */ = {isa = PBXFileReference; fileEncoding = 4; lastKnownFileType = sourcecode.c.objc; path = ColumViewController.m; sourceTree = "<group>"; };
		9D8B2D871D228B9300FF0F0E /* HomePageViewController.h */ = {isa = PBXFileReference; fileEncoding = 4; lastKnownFileType = sourcecode.c.h; path = HomePageViewController.h; sourceTree = "<group>"; };
		9D8B2D881D228B9300FF0F0E /* HomePageViewController.m */ = {isa = PBXFileReference; fileEncoding = 4; lastKnownFileType = sourcecode.c.objc; path = HomePageViewController.m; sourceTree = "<group>"; };
		9D8B2D8A1D228B9300FF0F0E /* HomeTopModel.h */ = {isa = PBXFileReference; fileEncoding = 4; lastKnownFileType = sourcecode.c.h; path = HomeTopModel.h; sourceTree = "<group>"; };
		9D8B2D8B1D228B9300FF0F0E /* HomeTopModel.m */ = {isa = PBXFileReference; fileEncoding = 4; lastKnownFileType = sourcecode.c.objc; path = HomeTopModel.m; sourceTree = "<group>"; };
		9D8B2D911D228B9300FF0F0E /* HotPointViewController.h */ = {isa = PBXFileReference; fileEncoding = 4; lastKnownFileType = sourcecode.c.h; path = HotPointViewController.h; sourceTree = "<group>"; };
		9D8B2D921D228B9300FF0F0E /* HotPointViewController.m */ = {isa = PBXFileReference; fileEncoding = 4; lastKnownFileType = sourcecode.c.objc; path = HotPointViewController.m; sourceTree = "<group>"; };
		9D8B2D941D228B9300FF0F0E /* HotPointModel.h */ = {isa = PBXFileReference; fileEncoding = 4; lastKnownFileType = sourcecode.c.h; path = HotPointModel.h; sourceTree = "<group>"; };
		9D8B2D951D228B9300FF0F0E /* HotPointModel.m */ = {isa = PBXFileReference; fileEncoding = 4; lastKnownFileType = sourcecode.c.objc; path = HotPointModel.m; sourceTree = "<group>"; };
		9D8B2D971D228B9300FF0F0E /* HotPointCell.h */ = {isa = PBXFileReference; fileEncoding = 4; lastKnownFileType = sourcecode.c.h; path = HotPointCell.h; sourceTree = "<group>"; };
		9D8B2D981D228B9300FF0F0E /* HotPointCell.m */ = {isa = PBXFileReference; fileEncoding = 4; lastKnownFileType = sourcecode.c.objc; path = HotPointCell.m; sourceTree = "<group>"; };
		9D8B2D9B1D228B9300FF0F0E /* PlayenjoyViewController.h */ = {isa = PBXFileReference; fileEncoding = 4; lastKnownFileType = sourcecode.c.h; path = PlayenjoyViewController.h; sourceTree = "<group>"; };
		9D8B2D9C1D228B9300FF0F0E /* PlayenjoyViewController.m */ = {isa = PBXFileReference; fileEncoding = 4; lastKnownFileType = sourcecode.c.objc; path = PlayenjoyViewController.m; sourceTree = "<group>"; };
		9D8B2D9E1D228B9300FF0F0E /* EnjoyModel.h */ = {isa = PBXFileReference; fileEncoding = 4; lastKnownFileType = sourcecode.c.h; path = EnjoyModel.h; sourceTree = "<group>"; };
		9D8B2D9F1D228B9300FF0F0E /* EnjoyModel.m */ = {isa = PBXFileReference; fileEncoding = 4; lastKnownFileType = sourcecode.c.objc; path = EnjoyModel.m; sourceTree = "<group>"; };
		9D8B2DA11D228B9300FF0F0E /* EnjoyCell.h */ = {isa = PBXFileReference; fileEncoding = 4; lastKnownFileType = sourcecode.c.h; path = EnjoyCell.h; sourceTree = "<group>"; };
		9D8B2DA21D228B9300FF0F0E /* EnjoyCell.m */ = {isa = PBXFileReference; fileEncoding = 4; lastKnownFileType = sourcecode.c.objc; path = EnjoyCell.m; sourceTree = "<group>"; };
		9D8B2DAB1D228B9300FF0F0E /* MyZoneViewController.h */ = {isa = PBXFileReference; fileEncoding = 4; lastKnownFileType = sourcecode.c.h; path = MyZoneViewController.h; sourceTree = "<group>"; };
		9D8B2DAC1D228B9300FF0F0E /* MyZoneViewController.m */ = {isa = PBXFileReference; fileEncoding = 4; lastKnownFileType = sourcecode.c.objc; path = MyZoneViewController.m; sourceTree = "<group>"; };
		9D8B2DB11D228B9300FF0F0E /* ZoneBestViewController.h */ = {isa = PBXFileReference; fileEncoding = 4; lastKnownFileType = sourcecode.c.h; path = ZoneBestViewController.h; sourceTree = "<group>"; };
		9D8B2DB21D228B9300FF0F0E /* ZoneBestViewController.m */ = {isa = PBXFileReference; fileEncoding = 4; lastKnownFileType = sourcecode.c.objc; path = ZoneBestViewController.m; sourceTree = "<group>"; };
		9D8B2DB31D228B9300FF0F0E /* ZoneDetaiViewController.h */ = {isa = PBXFileReference; fileEncoding = 4; lastKnownFileType = sourcecode.c.h; path = ZoneDetaiViewController.h; sourceTree = "<group>"; };
		9D8B2DB41D228B9300FF0F0E /* ZoneDetaiViewController.m */ = {isa = PBXFileReference; fileEncoding = 4; lastKnownFileType = sourcecode.c.objc; path = ZoneDetaiViewController.m; sourceTree = "<group>"; };
		9D8B2DB51D228B9300FF0F0E /* ZoneDiscvViewController.h */ = {isa = PBXFileReference; fileEncoding = 4; lastKnownFileType = sourcecode.c.h; path = ZoneDiscvViewController.h; sourceTree = "<group>"; };
		9D8B2DB61D228B9300FF0F0E /* ZoneDiscvViewController.m */ = {isa = PBXFileReference; fileEncoding = 4; lastKnownFileType = sourcecode.c.objc; path = ZoneDiscvViewController.m; sourceTree = "<group>"; };
		9D8B2DB81D228B9300FF0F0E /* ChooseModel.h */ = {isa = PBXFileReference; fileEncoding = 4; lastKnownFileType = sourcecode.c.h; path = ChooseModel.h; sourceTree = "<group>"; };
		9D8B2DB91D228B9300FF0F0E /* ChooseModel.m */ = {isa = PBXFileReference; fileEncoding = 4; lastKnownFileType = sourcecode.c.objc; path = ChooseModel.m; sourceTree = "<group>"; };
		9D8B2DBA1D228B9300FF0F0E /* ZoneBestModel.h */ = {isa = PBXFileReference; fileEncoding = 4; lastKnownFileType = sourcecode.c.h; path = ZoneBestModel.h; sourceTree = "<group>"; };
		9D8B2DBB1D228B9300FF0F0E /* ZoneBestModel.m */ = {isa = PBXFileReference; fileEncoding = 4; lastKnownFileType = sourcecode.c.objc; path = ZoneBestModel.m; sourceTree = "<group>"; };
		9D8B2DBC1D228B9300FF0F0E /* ZoneDisModel.h */ = {isa = PBXFileReference; fileEncoding = 4; lastKnownFileType = sourcecode.c.h; path = ZoneDisModel.h; sourceTree = "<group>"; };
		9D8B2DBD1D228B9300FF0F0E /* ZoneDisModel.m */ = {isa = PBXFileReference; fileEncoding = 4; lastKnownFileType = sourcecode.c.objc; path = ZoneDisModel.m; sourceTree = "<group>"; };
		9D8B2DC31D228B9300FF0F0E /* ZoneBestCell.h */ = {isa = PBXFileReference; fileEncoding = 4; lastKnownFileType = sourcecode.c.h; path = ZoneBestCell.h; sourceTree = "<group>"; };
		9D8B2DC41D228B9300FF0F0E /* ZoneBestCell.m */ = {isa = PBXFileReference; fileEncoding = 4; lastKnownFileType = sourcecode.c.objc; path = ZoneBestCell.m; sourceTree = "<group>"; };
		9D8B2DC51D228B9300FF0F0E /* ZoneBestCell.xib */ = {isa = PBXFileReference; fileEncoding = 4; lastKnownFileType = file.xib; path = ZoneBestCell.xib; sourceTree = "<group>"; };
		9D8B2DC61D228B9300FF0F0E /* ZoneDisCell.h */ = {isa = PBXFileReference; fileEncoding = 4; lastKnownFileType = sourcecode.c.h; path = ZoneDisCell.h; sourceTree = "<group>"; };
		9D8B2DC71D228B9300FF0F0E /* ZoneDisCell.m */ = {isa = PBXFileReference; fileEncoding = 4; lastKnownFileType = sourcecode.c.objc; path = ZoneDisCell.m; sourceTree = "<group>"; };
		9D8B2DC81D228B9300FF0F0E /* ZoneDisCell.xib */ = {isa = PBXFileReference; fileEncoding = 4; lastKnownFileType = file.xib; path = ZoneDisCell.xib; sourceTree = "<group>"; };
		9D8B2DCC1D228B9300FF0F0E /* ic_account_balance_48px.png */ = {isa = PBXFileReference; lastKnownFileType = image.png; path = ic_account_balance_48px.png; sourceTree = "<group>"; };
		9D8B2DCD1D228B9300FF0F0E /* ic_account_circle_48px.png */ = {isa = PBXFileReference; lastKnownFileType = image.png; path = ic_account_circle_48px.png; sourceTree = "<group>"; };
		9D8B2DCE1D228B9300FF0F0E /* ic_add_shopping_cart_48px.png */ = {isa = PBXFileReference; lastKnownFileType = image.png; path = ic_add_shopping_cart_48px.png; sourceTree = "<group>"; };
		9D8B2DCF1D228B9300FF0F0E /* ic_adjust_48px.png */ = {isa = PBXFileReference; lastKnownFileType = image.png; path = ic_adjust_48px.png; sourceTree = "<group>"; };
		9D8B2DD01D228B9300FF0F0E /* ic_arrow_back_48px.png */ = {isa = PBXFileReference; lastKnownFileType = image.png; path = ic_arrow_back_48px.png; sourceTree = "<group>"; };
		9D8B2DD31D228B9300FF0F0E /* ic_casino_black_48px.png */ = {isa = PBXFileReference; lastKnownFileType = image.png; path = ic_casino_black_48px.png; sourceTree = "<group>"; };
		9D8B2DD41D228B9300FF0F0E /* ic_center_focus_strong_48px.png */ = {isa = PBXFileReference; lastKnownFileType = image.png; path = ic_center_focus_strong_48px.png; sourceTree = "<group>"; };
		9D8B2DD51D228B9300FF0F0E /* ic_center_focus_weak_48px.png */ = {isa = PBXFileReference; lastKnownFileType = image.png; path = ic_center_focus_weak_48px.png; sourceTree = "<group>"; };
		9D8B2DD61D228B9300FF0F0E /* ic_chat_bubble_outline_48px.png */ = {isa = PBXFileReference; lastKnownFileType = image.png; path = ic_chat_bubble_outline_48px.png; sourceTree = "<group>"; };
		9D8B2DD71D228B9300FF0F0E /* ic_check_box_outline_blank_48px.png */ = {isa = PBXFileReference; lastKnownFileType = image.png; path = ic_check_box_outline_blank_48px.png; sourceTree = "<group>"; };
		9D8B2DD81D228B9300FF0F0E /* ic_child_care_black_48px.png */ = {isa = PBXFileReference; lastKnownFileType = image.png; path = ic_child_care_black_48px.png; sourceTree = "<group>"; };
		9D8B2DD91D228B9300FF0F0E /* ic_create_48px.png */ = {isa = PBXFileReference; lastKnownFileType = image.png; path = ic_create_48px.png; sourceTree = "<group>"; };
		9D8B2DDA1D228B9300FF0F0E /* ic_delete_sweep_black_48px.png */ = {isa = PBXFileReference; lastKnownFileType = image.png; path = ic_delete_sweep_black_48px.png; sourceTree = "<group>"; };
		9D8B2DDB1D228B9300FF0F0E /* ic_fast_forward_48px.png */ = {isa = PBXFileReference; lastKnownFileType = image.png; path = ic_fast_forward_48px.png; sourceTree = "<group>"; };
		9D8B2DDC1D228B9300FF0F0E /* ic_feedback_48px.png */ = {isa = PBXFileReference; lastKnownFileType = image.png; path = ic_feedback_48px.png; sourceTree = "<group>"; };
		9D8B2DDD1D228B9300FF0F0E /* ic_filter_tilt_shift_48px.png */ = {isa = PBXFileReference; lastKnownFileType = image.png; path = ic_filter_tilt_shift_48px.png; sourceTree = "<group>"; };
		9D8B2DDE1D228B9300FF0F0E /* ic_fingerprint_black_48px.png */ = {isa = PBXFileReference; lastKnownFileType = image.png; path = ic_fingerprint_black_48px.png; sourceTree = "<group>"; };
		9D8B2DDF1D228B9300FF0F0E /* ic_group_48px.png */ = {isa = PBXFileReference; lastKnownFileType = image.png; path = ic_group_48px.png; sourceTree = "<group>"; };
		9D8B2DE11D228B9300FF0F0E /* ic_hdr_weak_48px.png */ = {isa = PBXFileReference; lastKnownFileType = image.png; path = ic_hdr_weak_48px.png; sourceTree = "<group>"; };
		9D8B2DE21D228B9300FF0F0E /* ic_keyboard_arrow_right_48px.png */ = {isa = PBXFileReference; lastKnownFileType = image.png; path = ic_keyboard_arrow_right_48px.png; sourceTree = "<group>"; };
		9D8B2DE31D228B9300FF0F0E /* ic_launch_48px.png */ = {isa = PBXFileReference; lastKnownFileType = image.png; path = ic_launch_48px.png; sourceTree = "<group>"; };
		9D8B2DE41D228B9300FF0F0E /* ic_loyalty_48px.png */ = {isa = PBXFileReference; lastKnownFileType = image.png; path = ic_loyalty_48px.png; sourceTree = "<group>"; };
		9D8B2DE51D228B9300FF0F0E /* ic_motorcycle_black_48px.png */ = {isa = PBXFileReference; lastKnownFileType = image.png; path = ic_motorcycle_black_48px.png; sourceTree = "<group>"; };
		9D8B2DE61D228B9300FF0F0E /* ic_opacity_black_48px.png */ = {isa = PBXFileReference; lastKnownFileType = image.png; path = ic_opacity_black_48px.png; sourceTree = "<group>"; };
		9D8B2DE71D228B9300FF0F0E /* ic_open_in_new_48px.png */ = {isa = PBXFileReference; lastKnownFileType = image.png; path = ic_open_in_new_48px.png; sourceTree = "<group>"; };
		9D8B2DE81D228B9300FF0F0E /* ic_radio_button_checked_48px.png */ = {isa = PBXFileReference; lastKnownFileType = image.png; path = ic_radio_button_checked_48px.png; sourceTree = "<group>"; };
		9D8B2DE91D228B9300FF0F0E /* ic_radio_button_unchecked_48px.png */ = {isa = PBXFileReference; lastKnownFileType = image.png; path = ic_radio_button_unchecked_48px.png; sourceTree = "<group>"; };
		9D8B2DEA1D228B9300FF0F0E /* ic_settings_48px.png */ = {isa = PBXFileReference; lastKnownFileType = image.png; path = ic_settings_48px.png; sourceTree = "<group>"; };
		9D8B2DEB1D228B9300FF0F0E /* ic_sms_48px.png */ = {isa = PBXFileReference; lastKnownFileType = image.png; path = ic_sms_48px.png; sourceTree = "<group>"; };
		9D8B2DEC1D228B9300FF0F0E /* ic_textsms_48px.png */ = {isa = PBXFileReference; lastKnownFileType = image.png; path = ic_textsms_48px.png; sourceTree = "<group>"; };
		9D8B2DED1D228B9300FF0F0E /* ic_thumb_up_48px.png */ = {isa = PBXFileReference; lastKnownFileType = image.png; path = ic_thumb_up_48px.png; sourceTree = "<group>"; };
		9D8B2DEE1D228B9300FF0F0E /* ic_timeline_black_48px.png */ = {isa = PBXFileReference; lastKnownFileType = image.png; path = ic_timeline_black_48px.png; sourceTree = "<group>"; };
		9D8B2DEF1D228B9300FF0F0E /* ic_visibility_48px.png */ = {isa = PBXFileReference; lastKnownFileType = image.png; path = ic_visibility_48px.png; sourceTree = "<group>"; };
		9D8B2DF01D228B9300FF0F0E /* ic_whatshot_48px.png */ = {isa = PBXFileReference; lastKnownFileType = image.png; path = ic_whatshot_48px.png; sourceTree = "<group>"; };
		9D8B2DF21D228B9300FF0F0E /* Map Marker.png */ = {isa = PBXFileReference; lastKnownFileType = image.png; path = "Map Marker.png"; sourceTree = "<group>"; };
		9D8B2DF31D228B9300FF0F0E /* 提示底.png */ = {isa = PBXFileReference; lastKnownFileType = image.png; path = "提示底.png"; sourceTree = "<group>"; };
		9D8B2DF41D228B9300FF0F0E /* 提示底@2x.png */ = {isa = PBXFileReference; lastKnownFileType = image.png; path = "提示底@2x.png"; sourceTree = "<group>"; };
		9D8B2DF61D228B9300FF0F0E /* Const.h */ = {isa = PBXFileReference; fileEncoding = 4; lastKnownFileType = sourcecode.c.h; path = Const.h; sourceTree = "<group>"; };
		9D8B2DF71D228B9300FF0F0E /* DownloadData.h */ = {isa = PBXFileReference; fileEncoding = 4; lastKnownFileType = sourcecode.c.h; path = DownloadData.h; sourceTree = "<group>"; };
		9D8B2DF81D228B9300FF0F0E /* DownloadData.m */ = {isa = PBXFileReference; fileEncoding = 4; lastKnownFileType = sourcecode.c.objc; path = DownloadData.m; sourceTree = "<group>"; };
		9D8B2DF91D228B9300FF0F0E /* FactoryUtil.h */ = {isa = PBXFileReference; fileEncoding = 4; lastKnownFileType = sourcecode.c.h; path = FactoryUtil.h; sourceTree = "<group>"; };
		9D8B2DFA1D228B9300FF0F0E /* FactoryUtil.m */ = {isa = PBXFileReference; fileEncoding = 4; lastKnownFileType = sourcecode.c.objc; path = FactoryUtil.m; sourceTree = "<group>"; };
		9D8B2DFB1D228B9300FF0F0E /* PrefixHeader.pch */ = {isa = PBXFileReference; fileEncoding = 4; lastKnownFileType = sourcecode.c.h; path = PrefixHeader.pch; sourceTree = "<group>"; };
		9D8B2F101D228C7400FF0F0E /* libsqlite3.tbd */ = {isa = PBXFileReference; lastKnownFileType = "sourcecode.text-based-dylib-definition"; name = libsqlite3.tbd; path = usr/lib/libsqlite3.tbd; sourceTree = SDKROOT; };
		9D8B2F121D228E3700FF0F0E /* HomeTopScrollView.h */ = {isa = PBXFileReference; fileEncoding = 4; lastKnownFileType = sourcecode.c.h; path = HomeTopScrollView.h; sourceTree = "<group>"; };
		9D8B2F131D228E3700FF0F0E /* HomeTopScrollView.m */ = {isa = PBXFileReference; fileEncoding = 4; lastKnownFileType = sourcecode.c.objc; path = HomeTopScrollView.m; sourceTree = "<group>"; };
		9D8B2F1A1D22D07200FF0F0E /* HomeChooseViewController.h */ = {isa = PBXFileReference; fileEncoding = 4; lastKnownFileType = sourcecode.c.h; path = HomeChooseViewController.h; sourceTree = "<group>"; };
		9D8B2F1B1D22D07200FF0F0E /* HomeChooseViewController.m */ = {isa = PBXFileReference; fileEncoding = 4; lastKnownFileType = sourcecode.c.objc; path = HomeChooseViewController.m; sourceTree = "<group>"; };
		9D8B2F1D1D22D1CB00FF0F0E /* HomePageButtonCell.h */ = {isa = PBXFileReference; fileEncoding = 4; lastKnownFileType = sourcecode.c.h; path = HomePageButtonCell.h; sourceTree = "<group>"; };
		9D8B2F1E1D22D1CB00FF0F0E /* HomePageButtonCell.m */ = {isa = PBXFileReference; fileEncoding = 4; lastKnownFileType = sourcecode.c.objc; path = HomePageButtonCell.m; sourceTree = "<group>"; };
		9D8B2F221D22D65800FF0F0E /* CategoryChooseCell.h */ = {isa = PBXFileReference; fileEncoding = 4; lastKnownFileType = sourcecode.c.h; path = CategoryChooseCell.h; sourceTree = "<group>"; };
		9D8B2F231D22D65800FF0F0E /* CategoryChooseCell.m */ = {isa = PBXFileReference; fileEncoding = 4; lastKnownFileType = sourcecode.c.objc; path = CategoryChooseCell.m; sourceTree = "<group>"; };
		9D95E7571D2D1B3E00665854 /* MyLayOut.h */ = {isa = PBXFileReference; fileEncoding = 4; lastKnownFileType = sourcecode.c.h; path = MyLayOut.h; sourceTree = "<group>"; };
		9D95E7581D2D1B3E00665854 /* MyLayOut.m */ = {isa = PBXFileReference; fileEncoding = 4; lastKnownFileType = sourcecode.c.objc; path = MyLayOut.m; sourceTree = "<group>"; };
		9D95E75D1D2D405A00665854 /* ColumnHeaderCollectionViewCell.h */ = {isa = PBXFileReference; fileEncoding = 4; lastKnownFileType = sourcecode.c.h; name = ColumnHeaderCollectionViewCell.h; path = ../../5_Library/ColumnHeaderCollectionViewCell.h; sourceTree = "<group>"; };
		9D95E75E1D2D405A00665854 /* ColumnHeaderCollectionViewCell.m */ = {isa = PBXFileReference; fileEncoding = 4; lastKnownFileType = sourcecode.c.objc; name = ColumnHeaderCollectionViewCell.m; path = ../../5_Library/ColumnHeaderCollectionViewCell.m; sourceTree = "<group>"; };
		9D95E7621D2D505A00665854 /* MyCollectionViewCell.h */ = {isa = PBXFileReference; fileEncoding = 4; lastKnownFileType = sourcecode.c.h; name = MyCollectionViewCell.h; path = ../../5_Library/MyCollectionViewCell.h; sourceTree = "<group>"; };
		9D95E7631D2D505A00665854 /* MyCollectionViewCell.m */ = {isa = PBXFileReference; fileEncoding = 4; lastKnownFileType = sourcecode.c.objc; name = MyCollectionViewCell.m; path = ../../5_Library/MyCollectionViewCell.m; sourceTree = "<group>"; };
		9D95E7641D2D505A00665854 /* MyCollectionViewCell.xib */ = {isa = PBXFileReference; fileEncoding = 4; lastKnownFileType = file.xib; name = MyCollectionViewCell.xib; path = ../../5_Library/MyCollectionViewCell.xib; sourceTree = "<group>"; };
		9D95E83F1D3107B700665854 /* allDataModel.h */ = {isa = PBXFileReference; fileEncoding = 4; lastKnownFileType = sourcecode.c.h; path = allDataModel.h; sourceTree = "<group>"; };
		9D95E8401D3107B700665854 /* allDataModel.m */ = {isa = PBXFileReference; fileEncoding = 4; lastKnownFileType = sourcecode.c.objc; path = allDataModel.m; sourceTree = "<group>"; };
		9DB9E1FD1D349FD000D4BFFC /* MyCollectionCell.h */ = {isa = PBXFileReference; fileEncoding = 4; lastKnownFileType = sourcecode.c.h; path = MyCollectionCell.h; sourceTree = "<group>"; };
		9DB9E1FE1D349FD000D4BFFC /* MyCollectionCell.m */ = {isa = PBXFileReference; fileEncoding = 4; lastKnownFileType = sourcecode.c.objc; path = MyCollectionCell.m; sourceTree = "<group>"; };
		9DB9E1FF1D349FD000D4BFFC /* MyCollectionCell.xib */ = {isa = PBXFileReference; fileEncoding = 4; lastKnownFileType = file.xib; path = MyCollectionCell.xib; sourceTree = "<group>"; };
		9DB9E2041D34CC0A00D4BFFC /* ic_keyboard_arrow_left_48px.png */ = {isa = PBXFileReference; lastKnownFileType = image.png; path = ic_keyboard_arrow_left_48px.png; sourceTree = "<group>"; };
		9DB9E28C1D363BF800D4BFFC /* ic_autorenew_48px.png */ = {isa = PBXFileReference; lastKnownFileType = image.png; path = ic_autorenew_48px.png; sourceTree = "<group>"; };
		9DB9E28D1D363BF800D4BFFC /* ic_card_giftcard_48px.png */ = {isa = PBXFileReference; lastKnownFileType = image.png; path = ic_card_giftcard_48px.png; sourceTree = "<group>"; };
		9DB9E28E1D363BF800D4BFFC /* ic_change_history_48px.png */ = {isa = PBXFileReference; lastKnownFileType = image.png; path = ic_change_history_48px.png; sourceTree = "<group>"; };
		9DB9E28F1D363BF800D4BFFC /* ic_clear_48px.png */ = {isa = PBXFileReference; lastKnownFileType = image.png; path = ic_clear_48px.png; sourceTree = "<group>"; };
		9DB9E2901D363BF800D4BFFC /* ic_content_copy_48px.png */ = {isa = PBXFileReference; lastKnownFileType = image.png; path = ic_content_copy_48px.png; sourceTree = "<group>"; };
		9DB9E2911D363BF800D4BFFC /* ic_donut_large_black_48px.png */ = {isa = PBXFileReference; lastKnownFileType = image.png; path = ic_donut_large_black_48px.png; sourceTree = "<group>"; };
		9DB9E2921D363BF800D4BFFC /* ic_highlight_off_48px.png */ = {isa = PBXFileReference; lastKnownFileType = image.png; path = ic_highlight_off_48px.png; sourceTree = "<group>"; };
		9DB9E2931D363BF800D4BFFC /* ic_refresh_48px.png */ = {isa = PBXFileReference; lastKnownFileType = image.png; path = ic_refresh_48px.png; sourceTree = "<group>"; };
		9DB9E2941D363BF800D4BFFC /* ic_sentiment_satisfied_black_48px.png */ = {isa = PBXFileReference; lastKnownFileType = image.png; path = ic_sentiment_satisfied_black_48px.png; sourceTree = "<group>"; };
		9DB9E2951D363BF800D4BFFC /* ic_sentiment_very_dissatisfied_black_48px.png */ = {isa = PBXFileReference; lastKnownFileType = image.png; path = ic_sentiment_very_dissatisfied_black_48px.png; sourceTree = "<group>"; };
		9DB9E2961D363BF800D4BFFC /* ic_sentiment_very_satisfied_black_48px.png */ = {isa = PBXFileReference; lastKnownFileType = image.png; path = ic_sentiment_very_satisfied_black_48px.png; sourceTree = "<group>"; };
		9DB9E2971D363BF800D4BFFC /* ic_turned_in_not_48px.png */ = {isa = PBXFileReference; lastKnownFileType = image.png; path = ic_turned_in_not_48px.png; sourceTree = "<group>"; };
		9DB9E2981D363BF800D4BFFC /* ic_widgets_48px.png */ = {isa = PBXFileReference; lastKnownFileType = image.png; path = ic_widgets_48px.png; sourceTree = "<group>"; };
		9DB9E2A61D366DFE00D4BFFC /* ic_data_usage_48px.png */ = {isa = PBXFileReference; lastKnownFileType = image.png; path = ic_data_usage_48px.png; sourceTree = "<group>"; };
		9DB9E2A81D366E4600D4BFFC /* ic_bubble_chart_black_48px.png */ = {isa = PBXFileReference; lastKnownFileType = image.png; path = ic_bubble_chart_black_48px.png; sourceTree = "<group>"; };
		9DB9E2AA1D36728400D4BFFC /* icon2x.png */ = {isa = PBXFileReference; lastKnownFileType = image.png; path = icon2x.png; sourceTree = "<group>"; };
		9DB9E2AB1D36728400D4BFFC /* icon3x.png */ = {isa = PBXFileReference; lastKnownFileType = image.png; path = icon3x.png; sourceTree = "<group>"; };
		9E3193A29D92342EC978F195 /* Pods-BlackDot.distribution.xcconfig */ = {isa = PBXFileReference; includeInIndex = 1; lastKnownFileType = text.xcconfig; name = "Pods-BlackDot.distribution.xcconfig"; path = "Pods/Target Support Files/Pods-BlackDot/Pods-BlackDot.distribution.xcconfig"; sourceTree = "<group>"; };
		A5BBF0AE63DB6EB0F26888DB /* libPods-BlackDot.a */ = {isa = PBXFileReference; explicitFileType = archive.ar; includeInIndex = 0; path = "libPods-BlackDot.a"; sourceTree = BUILT_PRODUCTS_DIR; };
		CA3333C6E32611C2D04DFB6C /* Pods-BlackDot.debug.xcconfig */ = {isa = PBXFileReference; includeInIndex = 1; lastKnownFileType = text.xcconfig; name = "Pods-BlackDot.debug.xcconfig"; path = "Pods/Target Support Files/Pods-BlackDot/Pods-BlackDot.debug.xcconfig"; sourceTree = "<group>"; };
		CA9E3B35F7E64241BA9C650D /* Pods-BlackDot.release.xcconfig */ = {isa = PBXFileReference; includeInIndex = 1; lastKnownFileType = text.xcconfig; name = "Pods-BlackDot.release.xcconfig"; path = "Pods/Target Support Files/Pods-BlackDot/Pods-BlackDot.release.xcconfig"; sourceTree = "<group>"; };
/* End PBXFileReference section */

/* Begin PBXFrameworksBuildPhase section */
		9D03F4BF1D1D38DC00D140B1 /* Frameworks */ = {
			isa = PBXFrameworksBuildPhase;
			buildActionMask = 2147483647;
			files = (
				9D8B2F111D228C7400FF0F0E /* libsqlite3.tbd in Frameworks */,
				5A4B7A29FE1878BC9FCBFF38 /* libPods-BlackDot.a in Frameworks */,
			);
			runOnlyForDeploymentPostprocessing = 0;
		};
/* End PBXFrameworksBuildPhase section */

/* Begin PBXGroup section */
		126439780469D3FC5911EDA0 /* Pods */ = {
			isa = PBXGroup;
			children = (
				CA3333C6E32611C2D04DFB6C /* Pods-BlackDot.debug.xcconfig */,
				CA9E3B35F7E64241BA9C650D /* Pods-BlackDot.release.xcconfig */,
				9E3193A29D92342EC978F195 /* Pods-BlackDot.distribution.xcconfig */,
			);
			name = Pods;
			sourceTree = "<group>";
		};
		9D03F4B91D1D38DC00D140B1 = {
			isa = PBXGroup;
			children = (
				9D6923601D3372DB00E3774D /* newTopic */,
				9D8B2D851D228B9300FF0F0E /* 1_首页 */,
				9D8B2D8F1D228B9300FF0F0E /* 2_HotPoint */,
				9D8B2D991D228B9300FF0F0E /* 3_PlayEnjoy */,
				9D8B2DA31D228B9300FF0F0E /* 4_Zone */,
				9D8B2DC91D228B9300FF0F0E /* 5_Library */,
				9D03F4C41D1D38DC00D140B1 /* MyZaker */,
				9D03F4C31D1D38DC00D140B1 /* Products */,
				126439780469D3FC5911EDA0 /* Pods */,
				B67DA51DACF8B0AF7FE06B9A /* Frameworks */,
			);
			sourceTree = "<group>";
		};
		9D03F4C31D1D38DC00D140B1 /* Products */ = {
			isa = PBXGroup;
			children = (
				9D03F4C21D1D38DC00D140B1 /* BlackDot.app */,
			);
			name = Products;
			sourceTree = "<group>";
		};
		9D03F4C41D1D38DC00D140B1 /* MyZaker */ = {
			isa = PBXGroup;
			children = (
				9D03F4C81D1D38DC00D140B1 /* AppDelegate.h */,
				9D03F4C91D1D38DC00D140B1 /* AppDelegate.m */,
				9D03F4CB1D1D38DC00D140B1 /* ViewController.h */,
				9D03F4CC1D1D38DC00D140B1 /* ViewController.m */,
				9D03F50C1D1D39D400D140B1 /* NavViewController.h */,
				9D03F50D1D1D39D400D140B1 /* NavViewController.m */,
				9D03F4CE1D1D38DC00D140B1 /* Main.storyboard */,
				9D03F4D11D1D38DC00D140B1 /* Assets.xcassets */,
				9D03F4D31D1D38DC00D140B1 /* LaunchScreen.storyboard */,
				9D03F4D61D1D38DC00D140B1 /* Info.plist */,
				9D03F4C51D1D38DC00D140B1 /* Supporting Files */,
			);
			path = MyZaker;
			sourceTree = "<group>";
		};
		9D03F4C51D1D38DC00D140B1 /* Supporting Files */ = {
			isa = PBXGroup;
			children = (
				9D03F4C61D1D38DC00D140B1 /* main.m */,
			);
			name = "Supporting Files";
			sourceTree = "<group>";
		};
		9D61ED521D3774FB00481AC0 /* YPTabBarController */ = {
			isa = PBXGroup;
			children = (
				9D61ED531D3774FB00481AC0 /* YPTabBar.h */,
				9D61ED541D3774FB00481AC0 /* YPTabBar.m */,
				9D61ED551D3774FB00481AC0 /* YPTabBarController.h */,
				9D61ED561D3774FB00481AC0 /* YPTabBarController.m */,
				9D61ED571D3774FB00481AC0 /* YPTabItem.h */,
				9D61ED581D3774FB00481AC0 /* YPTabItem.m */,
			);
			path = YPTabBarController;
			sourceTree = "<group>";
		};
		9D6923601D3372DB00E3774D /* newTopic */ = {
			isa = PBXGroup;
			children = (
				9D6923611D3372DB00E3774D /* controllers */,
				9D6923621D3372DB00E3774D /* models */,
				9D6923631D3372DB00E3774D /* views */,
			);
			path = newTopic;
			sourceTree = "<group>";
		};
		9D6923611D3372DB00E3774D /* controllers */ = {
			isa = PBXGroup;
			children = (
				9D6923641D3372ED00E3774D /* TopicViewController.h */,
				9D6923651D3372ED00E3774D /* TopicViewController.m */,
				9D69236F1D33CA2100E3774D /* TopicDetailController.h */,
				9D6923701D33CA2100E3774D /* TopicDetailController.m */,
			);
			path = controllers;
			sourceTree = "<group>";
		};
		9D6923621D3372DB00E3774D /* models */ = {
			isa = PBXGroup;
			children = (
				9D69236C1D3377D000E3774D /* TopicModel.h */,
				9D69236D1D3377D000E3774D /* TopicModel.m */,
				9D6923721D33CC9D00E3774D /* TopicDetailModel.h */,
				9D6923731D33CC9D00E3774D /* TopicDetailModel.m */,
			);
			path = models;
			sourceTree = "<group>";
		};
		9D6923631D3372DB00E3774D /* views */ = {
			isa = PBXGroup;
			children = (
				9D6923671D33736E00E3774D /* TopicViewCell.h */,
				9D6923681D33736E00E3774D /* TopicViewCell.m */,
				9D6923691D33736E00E3774D /* TopicViewCell.xib */,
			);
			path = views;
			sourceTree = "<group>";
		};
		9D8B2D851D228B9300FF0F0E /* 1_首页 */ = {
			isa = PBXGroup;
			children = (
				9D8B2D861D228B9300FF0F0E /* controller */,
				9D8B2D891D228B9300FF0F0E /* model */,
				9D8B2D8C1D228B9300FF0F0E /* view */,
			);
			name = "1_首页";
			path = 1_HomePage;
			sourceTree = "<group>";
		};
		9D8B2D861D228B9300FF0F0E /* controller */ = {
			isa = PBXGroup;
			children = (
				9D8B2D871D228B9300FF0F0E /* HomePageViewController.h */,
				9D8B2D881D228B9300FF0F0E /* HomePageViewController.m */,
				9D8B2F1A1D22D07200FF0F0E /* HomeChooseViewController.h */,
				9D8B2F1B1D22D07200FF0F0E /* HomeChooseViewController.m */,
				9D8AEE7B1D26B4B50059D92F /* ChooseSonViewController.h */,
				9D8AEE7C1D26B4B50059D92F /* ChooseSonViewController.m */,
				9D8AEE7D1D26B4B50059D92F /* ColumViewController.h */,
				9D8AEE7E1D26B4B50059D92F /* ColumViewController.m */,
			);
			path = controller;
			sourceTree = "<group>";
		};
		9D8B2D891D228B9300FF0F0E /* model */ = {
			isa = PBXGroup;
			children = (
				9D61ED5C1D37752700481AC0 /* ArticleModel.h */,
				9D61ED5D1D37752700481AC0 /* ArticleModel.m */,
				9D95E83F1D3107B700665854 /* allDataModel.h */,
				9D95E8401D3107B700665854 /* allDataModel.m */,
				9D8AED611D2385CF0059D92F /* HomePageButtonModel.h */,
				9D8AED621D2385CF0059D92F /* HomePageButtonModel.m */,
				9D8B2D8A1D228B9300FF0F0E /* HomeTopModel.h */,
				9D8B2D8B1D228B9300FF0F0E /* HomeTopModel.m */,
			);
			path = model;
			sourceTree = "<group>";
		};
		9D8B2D8C1D228B9300FF0F0E /* view */ = {
			isa = PBXGroup;
			children = (
				9D8B2F121D228E3700FF0F0E /* HomeTopScrollView.h */,
				9D8B2F131D228E3700FF0F0E /* HomeTopScrollView.m */,
				9D8B2F1D1D22D1CB00FF0F0E /* HomePageButtonCell.h */,
				9D8B2F1E1D22D1CB00FF0F0E /* HomePageButtonCell.m */,
				9D8B2F221D22D65800FF0F0E /* CategoryChooseCell.h */,
				9D8B2F231D22D65800FF0F0E /* CategoryChooseCell.m */,
				9D8AED7C1D23CEA50059D92F /* ChooseSonCell.h */,
				9D8AED7D1D23CEA50059D92F /* ChooseSonCell.m */,
				9D95E75D1D2D405A00665854 /* ColumnHeaderCollectionViewCell.h */,
				9D95E75E1D2D405A00665854 /* ColumnHeaderCollectionViewCell.m */,
				9DB9E1FD1D349FD000D4BFFC /* MyCollectionCell.h */,
				9DB9E1FE1D349FD000D4BFFC /* MyCollectionCell.m */,
				9DB9E1FF1D349FD000D4BFFC /* MyCollectionCell.xib */,
				9D95E7621D2D505A00665854 /* MyCollectionViewCell.h */,
				9D95E7631D2D505A00665854 /* MyCollectionViewCell.m */,
				9D95E7641D2D505A00665854 /* MyCollectionViewCell.xib */,
			);
			path = view;
			sourceTree = "<group>";
		};
		9D8B2D8F1D228B9300FF0F0E /* 2_HotPoint */ = {
			isa = PBXGroup;
			children = (
				9D8B2D901D228B9300FF0F0E /* controller */,
				9D8B2D931D228B9300FF0F0E /* model */,
				9D8B2D961D228B9300FF0F0E /* view */,
			);
			path = 2_HotPoint;
			sourceTree = "<group>";
		};
		9D8B2D901D228B9300FF0F0E /* controller */ = {
			isa = PBXGroup;
			children = (
				9D8B2D911D228B9300FF0F0E /* HotPointViewController.h */,
				9D8B2D921D228B9300FF0F0E /* HotPointViewController.m */,
			);
			path = controller;
			sourceTree = "<group>";
		};
		9D8B2D931D228B9300FF0F0E /* model */ = {
			isa = PBXGroup;
			children = (
				9D8B2D941D228B9300FF0F0E /* HotPointModel.h */,
				9D8B2D951D228B9300FF0F0E /* HotPointModel.m */,
			);
			path = model;
			sourceTree = "<group>";
		};
		9D8B2D961D228B9300FF0F0E /* view */ = {
			isa = PBXGroup;
			children = (
				9D8B2D971D228B9300FF0F0E /* HotPointCell.h */,
				9D8B2D981D228B9300FF0F0E /* HotPointCell.m */,
				9D8AED7F1D24AA5B0059D92F /* Hot_noPic_Cell.h */,
				9D8AED801D24AA5B0059D92F /* Hot_noPic_Cell.m */,
				9D8AED811D24AA5B0059D92F /* Hot_noPic_Cell.xib */,
				9D8AED841D24AA7F0059D92F /* Hot_onePic_Cell.h */,
				9D8AED851D24AA7F0059D92F /* Hot_onePic_Cell.m */,
				9D8AED861D24AA7F0059D92F /* Hot_onePic_Cell.xib */,
				9D8AED891D24AA9F0059D92F /* Hot_threePic_Cell.h */,
				9D8AED8A1D24AA9F0059D92F /* Hot_threePic_Cell.m */,
				9D8AED8B1D24AA9F0059D92F /* Hot_threePic_Cell.xib */,
				9D8AED8E1D24AABB0059D92F /* Hot_bigPic_Cell.h */,
				9D8AED8F1D24AABB0059D92F /* Hot_bigPic_Cell.m */,
				9D8AED901D24AABB0059D92F /* Hot_bigPic_Cell.xib */,
			);
			path = view;
			sourceTree = "<group>";
		};
		9D8B2D991D228B9300FF0F0E /* 3_PlayEnjoy */ = {
			isa = PBXGroup;
			children = (
				9D8B2D9A1D228B9300FF0F0E /* controller */,
				9D8B2D9D1D228B9300FF0F0E /* model */,
				9D8B2DA01D228B9300FF0F0E /* view */,
			);
			path = 3_PlayEnjoy;
			sourceTree = "<group>";
		};
		9D8B2D9A1D228B9300FF0F0E /* controller */ = {
			isa = PBXGroup;
			children = (
				9D8B2D9B1D228B9300FF0F0E /* PlayenjoyViewController.h */,
				9D8B2D9C1D228B9300FF0F0E /* PlayenjoyViewController.m */,
			);
			path = controller;
			sourceTree = "<group>";
		};
		9D8B2D9D1D228B9300FF0F0E /* model */ = {
			isa = PBXGroup;
			children = (
				9D8B2D9E1D228B9300FF0F0E /* EnjoyModel.h */,
				9D8B2D9F1D228B9300FF0F0E /* EnjoyModel.m */,
			);
			path = model;
			sourceTree = "<group>";
		};
		9D8B2DA01D228B9300FF0F0E /* view */ = {
			isa = PBXGroup;
			children = (
				9D8B2DA11D228B9300FF0F0E /* EnjoyCell.h */,
				9D8B2DA21D228B9300FF0F0E /* EnjoyCell.m */,
			);
			path = view;
			sourceTree = "<group>";
		};
		9D8B2DA31D228B9300FF0F0E /* 4_Zone */ = {
			isa = PBXGroup;
			children = (
				9D8B2DA41D228B9300FF0F0E /* controller */,
				9D8B2DB71D228B9300FF0F0E /* model */,
				9D8B2DBE1D228B9300FF0F0E /* view */,
			);
			path = 4_Zone;
			sourceTree = "<group>";
		};
		9D8B2DA41D228B9300FF0F0E /* controller */ = {
			isa = PBXGroup;
			children = (
				9D8B2DAB1D228B9300FF0F0E /* MyZoneViewController.h */,
				9D8B2DAC1D228B9300FF0F0E /* MyZoneViewController.m */,
				9D8B2DB51D228B9300FF0F0E /* ZoneDiscvViewController.h */,
				9D8B2DB61D228B9300FF0F0E /* ZoneDiscvViewController.m */,
				9D8B2DB11D228B9300FF0F0E /* ZoneBestViewController.h */,
				9D8B2DB21D228B9300FF0F0E /* ZoneBestViewController.m */,
				9D8B2DB31D228B9300FF0F0E /* ZoneDetaiViewController.h */,
				9D8B2DB41D228B9300FF0F0E /* ZoneDetaiViewController.m */,
			);
			path = controller;
			sourceTree = "<group>";
		};
		9D8B2DB71D228B9300FF0F0E /* model */ = {
			isa = PBXGroup;
			children = (
				9D8B2DB81D228B9300FF0F0E /* ChooseModel.h */,
				9D8B2DB91D228B9300FF0F0E /* ChooseModel.m */,
				9D8B2DBA1D228B9300FF0F0E /* ZoneBestModel.h */,
				9D8B2DBB1D228B9300FF0F0E /* ZoneBestModel.m */,
				9D8B2DBC1D228B9300FF0F0E /* ZoneDisModel.h */,
				9D8B2DBD1D228B9300FF0F0E /* ZoneDisModel.m */,
			);
			path = model;
			sourceTree = "<group>";
		};
		9D8B2DBE1D228B9300FF0F0E /* view */ = {
			isa = PBXGroup;
			children = (
				9D8B2DC31D228B9300FF0F0E /* ZoneBestCell.h */,
				9D8B2DC41D228B9300FF0F0E /* ZoneBestCell.m */,
				9D8B2DC51D228B9300FF0F0E /* ZoneBestCell.xib */,
				9D8B2DC61D228B9300FF0F0E /* ZoneDisCell.h */,
				9D8B2DC71D228B9300FF0F0E /* ZoneDisCell.m */,
				9D8B2DC81D228B9300FF0F0E /* ZoneDisCell.xib */,
			);
			path = view;
			sourceTree = "<group>";
		};
		9D8B2DC91D228B9300FF0F0E /* 5_Library */ = {
			isa = PBXGroup;
			children = (
				9D8B2F101D228C7400FF0F0E /* libsqlite3.tbd */,
				9D95E7571D2D1B3E00665854 /* MyLayOut.h */,
				9D95E7581D2D1B3E00665854 /* MyLayOut.m */,
				9D8AEE751D26B4920059D92F /* HomePageDBManager.h */,
				9D8AEE761D26B4920059D92F /* HomePageDBManager.m */,
				9D8AEE771D26B4920059D92F /* NewsWebViewController.h */,
				9D8AEE781D26B4920059D92F /* NewsWebViewController.m */,
				9D8B2DCA1D228B9300FF0F0E /* MyResource */,
				9D8B2DF51D228B9300FF0F0E /* UTIL */,
				9D8B2DFC1D228B9300FF0F0E /* 第三方库 */,
			);
			path = 5_Library;
			sourceTree = "<group>";
		};
		9D8B2DCA1D228B9300FF0F0E /* MyResource */ = {
			isa = PBXGroup;
			children = (
				9D61ED4E1D37716C00481AC0 /* brand640X960.png */,
				9D61ED4F1D37716C00481AC0 /* brand640X1136.png */,
				9D61ED4C1D376E0800481AC0 /* brand750x1334.png */,
				9D61ED4A1D376D7500481AC0 /* brandHD5.png */,
				9D61ED481D376A6D00481AC0 /* icon_80x80.png */,
				9D61ED421D376A4600481AC0 /* icon_29x29.png */,
				9D61ED431D376A4600481AC0 /* icon_58x58.png */,
				9D61ED441D376A4600481AC0 /* icon_87x87.png */,
				9D61ED3E1D37688800481AC0 /* icon_120x120.png */,
				9D61ED3F1D37688800481AC0 /* icon_180x180.png */,
				9DB9E2AA1D36728400D4BFFC /* icon2x.png */,
				9DB9E2AB1D36728400D4BFFC /* icon3x.png */,
				9DB9E2A81D366E4600D4BFFC /* ic_bubble_chart_black_48px.png */,
				9DB9E2A61D366DFE00D4BFFC /* ic_data_usage_48px.png */,
				9DB9E28C1D363BF800D4BFFC /* ic_autorenew_48px.png */,
				9DB9E28D1D363BF800D4BFFC /* ic_card_giftcard_48px.png */,
				9DB9E28E1D363BF800D4BFFC /* ic_change_history_48px.png */,
				9DB9E28F1D363BF800D4BFFC /* ic_clear_48px.png */,
				9DB9E2901D363BF800D4BFFC /* ic_content_copy_48px.png */,
				9DB9E2911D363BF800D4BFFC /* ic_donut_large_black_48px.png */,
				9DB9E2921D363BF800D4BFFC /* ic_highlight_off_48px.png */,
				9DB9E2931D363BF800D4BFFC /* ic_refresh_48px.png */,
				9DB9E2941D363BF800D4BFFC /* ic_sentiment_satisfied_black_48px.png */,
				9DB9E2951D363BF800D4BFFC /* ic_sentiment_very_dissatisfied_black_48px.png */,
				9DB9E2961D363BF800D4BFFC /* ic_sentiment_very_satisfied_black_48px.png */,
				9DB9E2971D363BF800D4BFFC /* ic_turned_in_not_48px.png */,
				9DB9E2981D363BF800D4BFFC /* ic_widgets_48px.png */,
				9DB9E2041D34CC0A00D4BFFC /* ic_keyboard_arrow_left_48px.png */,
				9D8AED9B1D24C2F30059D92F /* ic_add_circle_48px.png */,
				9D8AED9C1D24C2F30059D92F /* ic_add_circle_outline_48px.png */,
				9D8AED9D1D24C2F30059D92F /* ic_remove_circle_48px.png */,
				9D8AED9E1D24C2F30059D92F /* ic_remove_circle_outline_48px.png */,
				9D8B2DCC1D228B9300FF0F0E /* ic_account_balance_48px.png */,
				9D8B2DCD1D228B9300FF0F0E /* ic_account_circle_48px.png */,
				9D8B2DCE1D228B9300FF0F0E /* ic_add_shopping_cart_48px.png */,
				9D8B2DCF1D228B9300FF0F0E /* ic_adjust_48px.png */,
				9D8B2DD01D228B9300FF0F0E /* ic_arrow_back_48px.png */,
				9D8B2DD31D228B9300FF0F0E /* ic_casino_black_48px.png */,
				9D8B2DD41D228B9300FF0F0E /* ic_center_focus_strong_48px.png */,
				9D8B2DD51D228B9300FF0F0E /* ic_center_focus_weak_48px.png */,
				9D8B2DD61D228B9300FF0F0E /* ic_chat_bubble_outline_48px.png */,
				9D8B2DD71D228B9300FF0F0E /* ic_check_box_outline_blank_48px.png */,
				9D8B2DD81D228B9300FF0F0E /* ic_child_care_black_48px.png */,
				9D8B2DD91D228B9300FF0F0E /* ic_create_48px.png */,
				9D8B2DDA1D228B9300FF0F0E /* ic_delete_sweep_black_48px.png */,
				9D8B2DDB1D228B9300FF0F0E /* ic_fast_forward_48px.png */,
				9D8B2DDC1D228B9300FF0F0E /* ic_feedback_48px.png */,
				9D8B2DDD1D228B9300FF0F0E /* ic_filter_tilt_shift_48px.png */,
				9D8B2DDE1D228B9300FF0F0E /* ic_fingerprint_black_48px.png */,
				9D8B2DDF1D228B9300FF0F0E /* ic_group_48px.png */,
				9D8B2DE11D228B9300FF0F0E /* ic_hdr_weak_48px.png */,
				9D8B2DE21D228B9300FF0F0E /* ic_keyboard_arrow_right_48px.png */,
				9D8B2DE31D228B9300FF0F0E /* ic_launch_48px.png */,
				9D8B2DE41D228B9300FF0F0E /* ic_loyalty_48px.png */,
				9D8B2DE51D228B9300FF0F0E /* ic_motorcycle_black_48px.png */,
				9D8B2DE61D228B9300FF0F0E /* ic_opacity_black_48px.png */,
				9D8B2DE71D228B9300FF0F0E /* ic_open_in_new_48px.png */,
				9D8B2DE81D228B9300FF0F0E /* ic_radio_button_checked_48px.png */,
				9D8B2DE91D228B9300FF0F0E /* ic_radio_button_unchecked_48px.png */,
				9D8B2DEA1D228B9300FF0F0E /* ic_settings_48px.png */,
				9D8B2DEB1D228B9300FF0F0E /* ic_sms_48px.png */,
				9D8B2DEC1D228B9300FF0F0E /* ic_textsms_48px.png */,
				9D8B2DED1D228B9300FF0F0E /* ic_thumb_up_48px.png */,
				9D8B2DEE1D228B9300FF0F0E /* ic_timeline_black_48px.png */,
				9D8B2DEF1D228B9300FF0F0E /* ic_visibility_48px.png */,
				9D8B2DF01D228B9300FF0F0E /* ic_whatshot_48px.png */,
				9D8B2DF21D228B9300FF0F0E /* Map Marker.png */,
				9D8B2DF31D228B9300FF0F0E /* 提示底.png */,
				9D8B2DF41D228B9300FF0F0E /* 提示底@2x.png */,
			);
			path = MyResource;
			sourceTree = "<group>";
		};
		9D8B2DF51D228B9300FF0F0E /* UTIL */ = {
			isa = PBXGroup;
			children = (
				9D8B2DF61D228B9300FF0F0E /* Const.h */,
				9D8B2DF71D228B9300FF0F0E /* DownloadData.h */,
				9D8B2DF81D228B9300FF0F0E /* DownloadData.m */,
				9D8B2DF91D228B9300FF0F0E /* FactoryUtil.h */,
				9D8B2DFA1D228B9300FF0F0E /* FactoryUtil.m */,
				9D8B2DFB1D228B9300FF0F0E /* PrefixHeader.pch */,
			);
			path = UTIL;
			sourceTree = "<group>";
		};
		9D8B2DFC1D228B9300FF0F0E /* 第三方库 */ = {
			isa = PBXGroup;
			children = (
				9D61ED521D3774FB00481AC0 /* YPTabBarController */,
			);
			path = "第三方库";
			sourceTree = "<group>";
		};
		B67DA51DACF8B0AF7FE06B9A /* Frameworks */ = {
			isa = PBXGroup;
			children = (
				A5BBF0AE63DB6EB0F26888DB /* libPods-BlackDot.a */,
			);
			name = Frameworks;
			sourceTree = "<group>";
		};
/* End PBXGroup section */

/* Begin PBXNativeTarget section */
		9D03F4C11D1D38DC00D140B1 /* BlackDot */ = {
			isa = PBXNativeTarget;
			buildConfigurationList = 9D03F4D91D1D38DC00D140B1 /* Build configuration list for PBXNativeTarget "BlackDot" */;
			buildPhases = (
				28D62F67D0D0267AA4735FFD /* [CP] Check Pods Manifest.lock */,
				AB3DE1D7FFA182CB1F196F68 /* 📦 Check Pods Manifest.lock */,
				9D03F4BE1D1D38DC00D140B1 /* Sources */,
				9D03F4BF1D1D38DC00D140B1 /* Frameworks */,
				9D03F4C01D1D38DC00D140B1 /* Resources */,
				B26F8538C8BB07CFBD810284 /* 📦 Copy Pods Resources */,
				4C8EA7A1466CEF6595F3548F /* [CP] Copy Pods Resources */,
			);
			buildRules = (
			);
			dependencies = (
			);
			name = BlackDot;
			productName = MyZaker;
			productReference = 9D03F4C21D1D38DC00D140B1 /* BlackDot.app */;
			productType = "com.apple.product-type.application";
		};
/* End PBXNativeTarget section */

/* Begin PBXProject section */
		9D03F4BA1D1D38DC00D140B1 /* Project object */ = {
			isa = PBXProject;
			attributes = {
				LastUpgradeCheck = 1010;
				ORGANIZATIONNAME = WangYuetong;
				TargetAttributes = {
					9D03F4C11D1D38DC00D140B1 = {
						CreatedOnToolsVersion = 7.2;
						DevelopmentTeam = 925M29NF35;
						ProvisioningStyle = Manual;
					};
				};
			};
			buildConfigurationList = 9D03F4BD1D1D38DC00D140B1 /* Build configuration list for PBXProject "BlackDot" */;
			compatibilityVersion = "Xcode 3.2";
			developmentRegion = English;
			hasScannedForEncodings = 0;
			knownRegions = (
				en,
				Base,
			);
			mainGroup = 9D03F4B91D1D38DC00D140B1;
			productRefGroup = 9D03F4C31D1D38DC00D140B1 /* Products */;
			projectDirPath = "";
			projectRoot = "";
			targets = (
				9D03F4C11D1D38DC00D140B1 /* BlackDot */,
			);
		};
/* End PBXProject section */

/* Begin PBXResourcesBuildPhase section */
		9D03F4C01D1D38DC00D140B1 /* Resources */ = {
			isa = PBXResourcesBuildPhase;
			buildActionMask = 2147483647;
			files = (
				9D8B2EBE1D228B9400FF0F0E /* ic_launch_48px.png in Resources */,
				9DB9E2051D34CC0A00D4BFFC /* ic_keyboard_arrow_left_48px.png in Resources */,
				9D8B2EB51D228B9400FF0F0E /* ic_delete_sweep_black_48px.png in Resources */,
				9DB9E2A01D363BF800D4BFFC /* ic_refresh_48px.png in Resources */,
				9DB9E2A21D363BF800D4BFFC /* ic_sentiment_very_dissatisfied_black_48px.png in Resources */,
				9D8B2EC41D228B9400FF0F0E /* ic_radio_button_unchecked_48px.png in Resources */,
				9D8B2EB21D228B9400FF0F0E /* ic_check_box_outline_blank_48px.png in Resources */,
				9D61ED4B1D376D7500481AC0 /* brandHD5.png in Resources */,
				9D8B2EAA1D228B9400FF0F0E /* ic_adjust_48px.png in Resources */,
				9DB9E2AC1D36728400D4BFFC /* icon2x.png in Resources */,
				9D8B2EB61D228B9400FF0F0E /* ic_fast_forward_48px.png in Resources */,
				9D69236B1D33736E00E3774D /* TopicViewCell.xib in Resources */,
				9D8B2EC51D228B9400FF0F0E /* ic_settings_48px.png in Resources */,
				9D8AEDA21D24C2F30059D92F /* ic_remove_circle_outline_48px.png in Resources */,
				9D8B2EBF1D228B9400FF0F0E /* ic_loyalty_48px.png in Resources */,
				9D03F4D51D1D38DC00D140B1 /* LaunchScreen.storyboard in Resources */,
				9D61ED491D376A6D00481AC0 /* icon_80x80.png in Resources */,
				9D8B2EC91D228B9400FF0F0E /* ic_timeline_black_48px.png in Resources */,
				9D8AED921D24AABB0059D92F /* Hot_bigPic_Cell.xib in Resources */,
				9D8B2EB31D228B9400FF0F0E /* ic_child_care_black_48px.png in Resources */,
				9D8B2ECA1D228B9400FF0F0E /* ic_visibility_48px.png in Resources */,
				9D8B2EA81D228B9400FF0F0E /* ic_account_circle_48px.png in Resources */,
				9D8B2EB11D228B9400FF0F0E /* ic_chat_bubble_outline_48px.png in Resources */,
				9D8B2EC01D228B9400FF0F0E /* ic_motorcycle_black_48px.png in Resources */,
				9DB9E2A71D366DFE00D4BFFC /* ic_data_usage_48px.png in Resources */,
				9D8AED8D1D24AA9F0059D92F /* Hot_threePic_Cell.xib in Resources */,
				9D8B2EC61D228B9400FF0F0E /* ic_sms_48px.png in Resources */,
				9D8B2EBC1D228B9400FF0F0E /* ic_hdr_weak_48px.png in Resources */,
				9D95E7661D2D505A00665854 /* MyCollectionViewCell.xib in Resources */,
				9D8B2EA51D228B9400FF0F0E /* ZoneDisCell.xib in Resources */,
				9D8B2EC21D228B9400FF0F0E /* ic_open_in_new_48px.png in Resources */,
				9D61ED461D376A4600481AC0 /* icon_58x58.png in Resources */,
				9D8B2EB01D228B9400FF0F0E /* ic_center_focus_weak_48px.png in Resources */,
				9D03F4D21D1D38DC00D140B1 /* Assets.xcassets in Resources */,
				9D8AED831D24AA5B0059D92F /* Hot_noPic_Cell.xib in Resources */,
				9D8B2EC31D228B9400FF0F0E /* ic_radio_button_checked_48px.png in Resources */,
				9D8B2ECD1D228B9400FF0F0E /* Map Marker.png in Resources */,
				9D8B2EA71D228B9400FF0F0E /* ic_account_balance_48px.png in Resources */,
				9D61ED471D376A4600481AC0 /* icon_87x87.png in Resources */,
				9D8B2ECE1D228B9400FF0F0E /* 提示底.png in Resources */,
				9D8AEDA11D24C2F30059D92F /* ic_remove_circle_48px.png in Resources */,
				9D61ED511D37716C00481AC0 /* brand640X1136.png in Resources */,
				9D61ED411D37688800481AC0 /* icon_180x180.png in Resources */,
				9D61ED4D1D376E0800481AC0 /* brand750x1334.png in Resources */,
				9D8B2EB81D228B9400FF0F0E /* ic_filter_tilt_shift_48px.png in Resources */,
				9DB9E2011D349FD000D4BFFC /* MyCollectionCell.xib in Resources */,
				9D03F4D01D1D38DC00D140B1 /* Main.storyboard in Resources */,
				9DB9E2A91D366E4600D4BFFC /* ic_bubble_chart_black_48px.png in Resources */,
				9D8B2EC81D228B9400FF0F0E /* ic_thumb_up_48px.png in Resources */,
				9DB9E2A11D363BF800D4BFFC /* ic_sentiment_satisfied_black_48px.png in Resources */,
				9D8B2ECB1D228B9400FF0F0E /* ic_whatshot_48px.png in Resources */,
				9D8B2EAE1D228B9400FF0F0E /* ic_casino_black_48px.png in Resources */,
				9DB9E2A51D363BF800D4BFFC /* ic_widgets_48px.png in Resources */,
				9D8B2EB91D228B9400FF0F0E /* ic_fingerprint_black_48px.png in Resources */,
				9D8B2EAB1D228B9400FF0F0E /* ic_arrow_back_48px.png in Resources */,
				9D8B2EBD1D228B9400FF0F0E /* ic_keyboard_arrow_right_48px.png in Resources */,
				9D61ED501D37716C00481AC0 /* brand640X960.png in Resources */,
				9D8B2EC71D228B9400FF0F0E /* ic_textsms_48px.png in Resources */,
				9D8B2EAF1D228B9400FF0F0E /* ic_center_focus_strong_48px.png in Resources */,
				9D8AED9F1D24C2F30059D92F /* ic_add_circle_48px.png in Resources */,
				9D8B2EBA1D228B9400FF0F0E /* ic_group_48px.png in Resources */,
				9D8B2EA31D228B9400FF0F0E /* ZoneBestCell.xib in Resources */,
				9D8B2EB71D228B9400FF0F0E /* ic_feedback_48px.png in Resources */,
				9D8B2EC11D228B9400FF0F0E /* ic_opacity_black_48px.png in Resources */,
				9DB9E29D1D363BF800D4BFFC /* ic_content_copy_48px.png in Resources */,
				9DB9E2A41D363BF800D4BFFC /* ic_turned_in_not_48px.png in Resources */,
				9D8B2EA91D228B9400FF0F0E /* ic_add_shopping_cart_48px.png in Resources */,
				9D8AEDA01D24C2F30059D92F /* ic_add_circle_outline_48px.png in Resources */,
				9D61ED451D376A4600481AC0 /* icon_29x29.png in Resources */,
				9DB9E29B1D363BF800D4BFFC /* ic_change_history_48px.png in Resources */,
				9D8B2ECF1D228B9400FF0F0E /* 提示底@2x.png in Resources */,
				9DB9E2AD1D36728400D4BFFC /* icon3x.png in Resources */,
				9D8B2EB41D228B9400FF0F0E /* ic_create_48px.png in Resources */,
				9DB9E29A1D363BF800D4BFFC /* ic_card_giftcard_48px.png in Resources */,
				9DB9E2A31D363BF800D4BFFC /* ic_sentiment_very_satisfied_black_48px.png in Resources */,
				9DB9E29E1D363BF800D4BFFC /* ic_donut_large_black_48px.png in Resources */,
				9D61ED401D37688800481AC0 /* icon_120x120.png in Resources */,
				9DB9E29F1D363BF800D4BFFC /* ic_highlight_off_48px.png in Resources */,
				9DB9E2991D363BF800D4BFFC /* ic_autorenew_48px.png in Resources */,
				9DB9E29C1D363BF800D4BFFC /* ic_clear_48px.png in Resources */,
				9D8AED881D24AA800059D92F /* Hot_onePic_Cell.xib in Resources */,
			);
			runOnlyForDeploymentPostprocessing = 0;
		};
/* End PBXResourcesBuildPhase section */

/* Begin PBXShellScriptBuildPhase section */
		28D62F67D0D0267AA4735FFD /* [CP] Check Pods Manifest.lock */ = {
			isa = PBXShellScriptBuildPhase;
			buildActionMask = 2147483647;
			files = (
			);
			inputFileListPaths = (
			);
			inputPaths = (
				"${PODS_PODFILE_DIR_PATH}/Podfile.lock",
				"${PODS_ROOT}/Manifest.lock",
			);
			name = "[CP] Check Pods Manifest.lock";
			outputFileListPaths = (
			);
			outputPaths = (
				"$(DERIVED_FILE_DIR)/Pods-BlackDot-checkManifestLockResult.txt",
			);
			runOnlyForDeploymentPostprocessing = 0;
			shellPath = /bin/sh;
			shellScript = "diff \"${PODS_PODFILE_DIR_PATH}/Podfile.lock\" \"${PODS_ROOT}/Manifest.lock\" > /dev/null\nif [ $? != 0 ] ; then\n    # print error to STDERR\n    echo \"error: The sandbox is not in sync with the Podfile.lock. Run 'pod install' or update your CocoaPods installation.\" >&2\n    exit 1\nfi\n# This output is used by Xcode 'outputs' to avoid re-running this script phase.\necho \"SUCCESS\" > \"${SCRIPT_OUTPUT_FILE_0}\"\n";
			showEnvVarsInLog = 0;
		};
		4C8EA7A1466CEF6595F3548F /* [CP] Copy Pods Resources */ = {
			isa = PBXShellScriptBuildPhase;
			buildActionMask = 2147483647;
			files = (
			);
			inputPaths = (
				"${PODS_ROOT}/Target Support Files/Pods-BlackDot/Pods-BlackDot-resources.sh",
				"${PODS_ROOT}/MJRefresh/MJRefresh/MJRefresh.bundle",
				"${PODS_ROOT}/ProgressHUD/ProgressHUD/ProgressHUD/ProgressHUD.bundle",
			);
			name = "[CP] Copy Pods Resources";
			outputPaths = (
				"${TARGET_BUILD_DIR}/${UNLOCALIZED_RESOURCES_FOLDER_PATH}/MJRefresh.bundle",
				"${TARGET_BUILD_DIR}/${UNLOCALIZED_RESOURCES_FOLDER_PATH}/ProgressHUD.bundle",
			);
			runOnlyForDeploymentPostprocessing = 0;
			shellPath = /bin/sh;
			shellScript = "\"${PODS_ROOT}/Target Support Files/Pods-BlackDot/Pods-BlackDot-resources.sh\"\n";
			showEnvVarsInLog = 0;
		};
		AB3DE1D7FFA182CB1F196F68 /* 📦 Check Pods Manifest.lock */ = {
			isa = PBXShellScriptBuildPhase;
			buildActionMask = 2147483647;
			files = (
			);
			inputPaths = (
			);
			name = "📦 Check Pods Manifest.lock";
			outputPaths = (
			);
			runOnlyForDeploymentPostprocessing = 0;
			shellPath = /bin/sh;
			shellScript = "diff \"${PODS_ROOT}/../Podfile.lock\" \"${PODS_ROOT}/Manifest.lock\" > /dev/null\nif [[ $? != 0 ]] ; then\n    cat << EOM\nerror: The sandbox is not in sync with the Podfile.lock. Run 'pod install' or update your CocoaPods installation.\nEOM\n    exit 1\nfi\n";
			showEnvVarsInLog = 0;
		};
		B26F8538C8BB07CFBD810284 /* 📦 Copy Pods Resources */ = {
			isa = PBXShellScriptBuildPhase;
			buildActionMask = 2147483647;
			files = (
			);
			inputPaths = (
			);
			name = "📦 Copy Pods Resources";
			outputPaths = (
			);
			runOnlyForDeploymentPostprocessing = 0;
			shellPath = /bin/sh;
			shellScript = "\"${SRCROOT}/Pods/Target Support Files/Pods-BlackDot/Pods-BlackDot-resources.sh\"\n";
			showEnvVarsInLog = 0;
		};
/* End PBXShellScriptBuildPhase section */

/* Begin PBXSourcesBuildPhase section */
		9D03F4BE1D1D38DC00D140B1 /* Sources */ = {
			isa = PBXSourcesBuildPhase;
			buildActionMask = 2147483647;
			files = (
				9D8B2E9C1D228B9400FF0F0E /* ZoneDiscvViewController.m in Sources */,
				9D8B2E9F1D228B9400FF0F0E /* ZoneDisModel.m in Sources */,
				9D8B2F1C1D22D07200FF0F0E /* HomeChooseViewController.m in Sources */,
				9D8AEE791D26B4920059D92F /* HomePageDBManager.m in Sources */,
				9D8AED8C1D24AA9F0059D92F /* Hot_threePic_Cell.m in Sources */,
				9D6923711D33CA2100E3774D /* TopicDetailController.m in Sources */,
				9D6923741D33CC9D00E3774D /* TopicDetailModel.m in Sources */,
				9D6923661D3372ED00E3774D /* TopicViewController.m in Sources */,
				9D8B2E9B1D228B9400FF0F0E /* ZoneDetaiViewController.m in Sources */,
				9D03F4CD1D1D38DC00D140B1 /* ViewController.m in Sources */,
				9D03F4CA1D1D38DC00D140B1 /* AppDelegate.m in Sources */,
				9D8AED7E1D23CEA50059D92F /* ChooseSonCell.m in Sources */,
				9D8B2E901D228B9400FF0F0E /* HotPointCell.m in Sources */,
				9D69236A1D33736E00E3774D /* TopicViewCell.m in Sources */,
				9DB9E2001D349FD000D4BFFC /* MyCollectionCell.m in Sources */,
				9D8B2E9D1D228B9400FF0F0E /* ChooseModel.m in Sources */,
				9D95E7651D2D505A00665854 /* MyCollectionViewCell.m in Sources */,
				9D8B2F1F1D22D1CB00FF0F0E /* HomePageButtonCell.m in Sources */,
				9D8B2F251D22D65800FF0F0E /* CategoryChooseCell.m in Sources */,
				9D8AED911D24AABB0059D92F /* Hot_bigPic_Cell.m in Sources */,
				9D8B2EA41D228B9400FF0F0E /* ZoneDisCell.m in Sources */,
				9D8B2E8C1D228B9400FF0F0E /* HomeTopModel.m in Sources */,
				9D03F4C71D1D38DC00D140B1 /* main.m in Sources */,
				9D61ED5E1D37752700481AC0 /* ArticleModel.m in Sources */,
				9D03F50E1D1D39D400D140B1 /* NavViewController.m in Sources */,
				9D8B2E8B1D228B9400FF0F0E /* HomePageViewController.m in Sources */,
				9D8AEE7F1D26B4B50059D92F /* ChooseSonViewController.m in Sources */,
				9D8B2E9E1D228B9400FF0F0E /* ZoneBestModel.m in Sources */,
				9D8B2ED11D228B9400FF0F0E /* FactoryUtil.m in Sources */,
				9D8B2E931D228B9400FF0F0E /* EnjoyCell.m in Sources */,
				9D61ED5A1D3774FB00481AC0 /* YPTabBarController.m in Sources */,
				9D95E8411D3107B700665854 /* allDataModel.m in Sources */,
				9D8B2E971D228B9400FF0F0E /* MyZoneViewController.m in Sources */,
				9D8B2EA21D228B9400FF0F0E /* ZoneBestCell.m in Sources */,
				9D69236E1D3377D000E3774D /* TopicModel.m in Sources */,
				9D8B2E8E1D228B9400FF0F0E /* HotPointViewController.m in Sources */,
				9D8AED631D2385CF0059D92F /* HomePageButtonModel.m in Sources */,
				9D95E7601D2D405A00665854 /* ColumnHeaderCollectionViewCell.m in Sources */,
				9D8B2E921D228B9400FF0F0E /* EnjoyModel.m in Sources */,
				9D61ED5B1D3774FB00481AC0 /* YPTabItem.m in Sources */,
				9D8B2E9A1D228B9400FF0F0E /* ZoneBestViewController.m in Sources */,
				9D8AED871D24AA800059D92F /* Hot_onePic_Cell.m in Sources */,
				9D8AED821D24AA5B0059D92F /* Hot_noPic_Cell.m in Sources */,
				9D8B2E8F1D228B9400FF0F0E /* HotPointModel.m in Sources */,
				9D8B2E911D228B9400FF0F0E /* PlayenjoyViewController.m in Sources */,
				9D61ED591D3774FB00481AC0 /* YPTabBar.m in Sources */,
				9D95E7591D2D1B3E00665854 /* MyLayOut.m in Sources */,
				9D8AEE801D26B4B50059D92F /* ColumViewController.m in Sources */,
				9D8B2F141D228E3700FF0F0E /* HomeTopScrollView.m in Sources */,
				9D8B2ED01D228B9400FF0F0E /* DownloadData.m in Sources */,
				9D8AEE7A1D26B4920059D92F /* NewsWebViewController.m in Sources */,
			);
			runOnlyForDeploymentPostprocessing = 0;
		};
/* End PBXSourcesBuildPhase section */

/* Begin PBXVariantGroup section */
		9D03F4CE1D1D38DC00D140B1 /* Main.storyboard */ = {
			isa = PBXVariantGroup;
			children = (
				9D03F4CF1D1D38DC00D140B1 /* Base */,
			);
			name = Main.storyboard;
			sourceTree = "<group>";
		};
		9D03F4D31D1D38DC00D140B1 /* LaunchScreen.storyboard */ = {
			isa = PBXVariantGroup;
			children = (
				9D03F4D41D1D38DC00D140B1 /* Base */,
			);
			name = LaunchScreen.storyboard;
			sourceTree = "<group>";
		};
/* End PBXVariantGroup section */

/* Begin XCBuildConfiguration section */
		9D03F4D71D1D38DC00D140B1 /* Debug */ = {
			isa = XCBuildConfiguration;
			buildSettings = {
				ALWAYS_SEARCH_USER_PATHS = NO;
				CLANG_CXX_LANGUAGE_STANDARD = "gnu++0x";
				CLANG_CXX_LIBRARY = "libc++";
				CLANG_ENABLE_MODULES = YES;
				CLANG_ENABLE_OBJC_ARC = YES;
				CLANG_WARN_BLOCK_CAPTURE_AUTORELEASING = YES;
				CLANG_WARN_BOOL_CONVERSION = YES;
				CLANG_WARN_COMMA = YES;
				CLANG_WARN_CONSTANT_CONVERSION = YES;
				CLANG_WARN_DEPRECATED_OBJC_IMPLEMENTATIONS = YES;
				CLANG_WARN_DIRECT_OBJC_ISA_USAGE = YES_ERROR;
				CLANG_WARN_EMPTY_BODY = YES;
				CLANG_WARN_ENUM_CONVERSION = YES;
				CLANG_WARN_INFINITE_RECURSION = YES;
				CLANG_WARN_INT_CONVERSION = YES;
				CLANG_WARN_NON_LITERAL_NULL_CONVERSION = YES;
				CLANG_WARN_OBJC_IMPLICIT_RETAIN_SELF = YES;
				CLANG_WARN_OBJC_LITERAL_CONVERSION = YES;
				CLANG_WARN_OBJC_ROOT_CLASS = YES_ERROR;
				CLANG_WARN_RANGE_LOOP_ANALYSIS = YES;
				CLANG_WARN_STRICT_PROTOTYPES = YES;
				CLANG_WARN_SUSPICIOUS_MOVE = YES;
				CLANG_WARN_UNREACHABLE_CODE = YES;
				CLANG_WARN__DUPLICATE_METHOD_MATCH = YES;
				CODE_SIGN_IDENTITY = "iPhone Developer";
				"CODE_SIGN_IDENTITY[sdk=iphoneos*]" = "iPhone Developer";
				COPY_PHASE_STRIP = NO;
				DEBUG_INFORMATION_FORMAT = dwarf;
				ENABLE_STRICT_OBJC_MSGSEND = YES;
				ENABLE_TESTABILITY = YES;
				GCC_C_LANGUAGE_STANDARD = gnu99;
				GCC_DYNAMIC_NO_PIC = NO;
				GCC_NO_COMMON_BLOCKS = YES;
				GCC_OPTIMIZATION_LEVEL = 0;
				GCC_PREPROCESSOR_DEFINITIONS = (
					"DEBUG=1",
					"$(inherited)",
				);
				GCC_WARN_64_TO_32_BIT_CONVERSION = YES;
				GCC_WARN_ABOUT_RETURN_TYPE = YES_ERROR;
				GCC_WARN_UNDECLARED_SELECTOR = YES;
				GCC_WARN_UNINITIALIZED_AUTOS = YES_AGGRESSIVE;
				GCC_WARN_UNUSED_FUNCTION = YES;
				GCC_WARN_UNUSED_VARIABLE = YES;
				IPHONEOS_DEPLOYMENT_TARGET = 8.1;
				MTL_ENABLE_DEBUG_INFO = YES;
				ONLY_ACTIVE_ARCH = YES;
				PROVISIONING_PROFILE = "6b36f2ca-462b-48ed-ab64-ddb042848390";
				SDKROOT = iphoneos;
				TARGETED_DEVICE_FAMILY = "1,2";
				VALID_ARCHS = "arm64 arm64e armv7s";
			};
			name = Debug;
		};
		9D03F4D81D1D38DC00D140B1 /* Release */ = {
			isa = XCBuildConfiguration;
			buildSettings = {
				ALWAYS_SEARCH_USER_PATHS = NO;
				CLANG_CXX_LANGUAGE_STANDARD = "gnu++0x";
				CLANG_CXX_LIBRARY = "libc++";
				CLANG_ENABLE_MODULES = YES;
				CLANG_ENABLE_OBJC_ARC = YES;
				CLANG_WARN_BLOCK_CAPTURE_AUTORELEASING = YES;
				CLANG_WARN_BOOL_CONVERSION = YES;
				CLANG_WARN_COMMA = YES;
				CLANG_WARN_CONSTANT_CONVERSION = YES;
				CLANG_WARN_DEPRECATED_OBJC_IMPLEMENTATIONS = YES;
				CLANG_WARN_DIRECT_OBJC_ISA_USAGE = YES_ERROR;
				CLANG_WARN_EMPTY_BODY = YES;
				CLANG_WARN_ENUM_CONVERSION = YES;
				CLANG_WARN_INFINITE_RECURSION = YES;
				CLANG_WARN_INT_CONVERSION = YES;
				CLANG_WARN_NON_LITERAL_NULL_CONVERSION = YES;
				CLANG_WARN_OBJC_IMPLICIT_RETAIN_SELF = YES;
				CLANG_WARN_OBJC_LITERAL_CONVERSION = YES;
				CLANG_WARN_OBJC_ROOT_CLASS = YES_ERROR;
				CLANG_WARN_RANGE_LOOP_ANALYSIS = YES;
				CLANG_WARN_STRICT_PROTOTYPES = YES;
				CLANG_WARN_SUSPICIOUS_MOVE = YES;
				CLANG_WARN_UNREACHABLE_CODE = YES;
				CLANG_WARN__DUPLICATE_METHOD_MATCH = YES;
				CODE_SIGN_IDENTITY = "iPhone Developer";
				"CODE_SIGN_IDENTITY[sdk=iphoneos*]" = "iPhone Developer";
				COPY_PHASE_STRIP = NO;
				DEBUG_INFORMATION_FORMAT = "dwarf-with-dsym";
				ENABLE_NS_ASSERTIONS = NO;
				ENABLE_STRICT_OBJC_MSGSEND = YES;
				GCC_C_LANGUAGE_STANDARD = gnu99;
				GCC_NO_COMMON_BLOCKS = YES;
				GCC_WARN_64_TO_32_BIT_CONVERSION = YES;
				GCC_WARN_ABOUT_RETURN_TYPE = YES_ERROR;
				GCC_WARN_UNDECLARED_SELECTOR = YES;
				GCC_WARN_UNINITIALIZED_AUTOS = YES_AGGRESSIVE;
				GCC_WARN_UNUSED_FUNCTION = YES;
				GCC_WARN_UNUSED_VARIABLE = YES;
				IPHONEOS_DEPLOYMENT_TARGET = 8.1;
				MTL_ENABLE_DEBUG_INFO = NO;
				ONLY_ACTIVE_ARCH = YES;
				PROVISIONING_PROFILE = "6b36f2ca-462b-48ed-ab64-ddb042848390";
				SDKROOT = iphoneos;
				TARGETED_DEVICE_FAMILY = "1,2";
				VALIDATE_PRODUCT = YES;
				VALID_ARCHS = "arm64 arm64e armv7s";
			};
			name = Release;
		};
		9D03F4DA1D1D38DC00D140B1 /* Debug */ = {
			isa = XCBuildConfiguration;
			baseConfigurationReference = CA3333C6E32611C2D04DFB6C /* Pods-BlackDot.debug.xcconfig */;
			buildSettings = {
				ASSETCATALOG_COMPILER_APPICON_NAME = AppIcon;
				ASSETCATALOG_COMPILER_LAUNCHIMAGE_NAME = "Brand Assets";
				CODE_SIGN_IDENTITY = "iPhone Developer";
				"CODE_SIGN_IDENTITY[sdk=iphoneos*]" = "iPhone Developer";
				CODE_SIGN_STYLE = Manual;
				DEVELOPMENT_TEAM = 925M29NF35;
				GCC_PREFIX_HEADER = "$(SRCROOT)/5_Library/UTIL/PrefixHeader.pch";
				INFOPLIST_FILE = MyZaker/Info.plist;
				IPHONEOS_DEPLOYMENT_TARGET = 8.0;
				LD_RUNPATH_SEARCH_PATHS = "$(inherited) @executable_path/Frameworks";
				LIBRARY_SEARCH_PATHS = (
					"$(inherited)",
					"$(PROJECT_DIR)",
				);
				PRODUCT_BUNDLE_IDENTIFIER = com.gtja.yyzplus;
				PRODUCT_NAME = BlackDot;
				PROVISIONING_PROFILE = "";
				PROVISIONING_PROFILE_SPECIFIER = devYYZPlus;
				TARGETED_DEVICE_FAMILY = 1;
				VALID_ARCHS = "arm64 arm64e armv7s";
			};
			name = Debug;
		};
		9D03F4DB1D1D38DC00D140B1 /* Release */ = {
			isa = XCBuildConfiguration;
			baseConfigurationReference = CA9E3B35F7E64241BA9C650D /* Pods-BlackDot.release.xcconfig */;
			buildSettings = {
				ASSETCATALOG_COMPILER_APPICON_NAME = AppIcon;
				ASSETCATALOG_COMPILER_LAUNCHIMAGE_NAME = "Brand Assets";
				CODE_SIGN_IDENTITY = "iPhone Developer";
				"CODE_SIGN_IDENTITY[sdk=iphoneos*]" = "iPhone Developer";
				CODE_SIGN_STYLE = Manual;
				DEVELOPMENT_TEAM = 925M29NF35;
				GCC_PREFIX_HEADER = "$(SRCROOT)/5_Library/UTIL/PrefixHeader.pch";
				INFOPLIST_FILE = MyZaker/Info.plist;
				IPHONEOS_DEPLOYMENT_TARGET = 8.0;
				LD_RUNPATH_SEARCH_PATHS = "$(inherited) @executable_path/Frameworks";
				LIBRARY_SEARCH_PATHS = (
					"$(inherited)",
					"$(PROJECT_DIR)",
				);
				ONLY_ACTIVE_ARCH = YES;
				PRODUCT_BUNDLE_IDENTIFIER = com.gtja.yyzplus;
				PRODUCT_NAME = BlackDot;
				PROVISIONING_PROFILE = "";
				PROVISIONING_PROFILE_SPECIFIER = devYYZPlus;
				TARGETED_DEVICE_FAMILY = 1;
				VALID_ARCHS = "arm64 arm64e armv7s";
			};
			name = Release;
		};
		9D61ED5F1D377D9100481AC0 /* distribution */ = {
			isa = XCBuildConfiguration;
			buildSettings = {
				ALWAYS_SEARCH_USER_PATHS = NO;
				CLANG_CXX_LANGUAGE_STANDARD = "gnu++0x";
				CLANG_CXX_LIBRARY = "libc++";
				CLANG_ENABLE_MODULES = YES;
				CLANG_ENABLE_OBJC_ARC = YES;
				CLANG_WARN_BLOCK_CAPTURE_AUTORELEASING = YES;
				CLANG_WARN_BOOL_CONVERSION = YES;
				CLANG_WARN_COMMA = YES;
				CLANG_WARN_CONSTANT_CONVERSION = YES;
				CLANG_WARN_DEPRECATED_OBJC_IMPLEMENTATIONS = YES;
				CLANG_WARN_DIRECT_OBJC_ISA_USAGE = YES_ERROR;
				CLANG_WARN_EMPTY_BODY = YES;
				CLANG_WARN_ENUM_CONVERSION = YES;
				CLANG_WARN_INFINITE_RECURSION = YES;
				CLANG_WARN_INT_CONVERSION = YES;
				CLANG_WARN_NON_LITERAL_NULL_CONVERSION = YES;
				CLANG_WARN_OBJC_IMPLICIT_RETAIN_SELF = YES;
				CLANG_WARN_OBJC_LITERAL_CONVERSION = YES;
				CLANG_WARN_OBJC_ROOT_CLASS = YES_ERROR;
				CLANG_WARN_RANGE_LOOP_ANALYSIS = YES;
				CLANG_WARN_STRICT_PROTOTYPES = YES;
				CLANG_WARN_SUSPICIOUS_MOVE = YES;
				CLANG_WARN_UNREACHABLE_CODE = YES;
				CLANG_WARN__DUPLICATE_METHOD_MATCH = YES;
				CODE_SIGN_IDENTITY = "iPhone Developer";
				"CODE_SIGN_IDENTITY[sdk=*]" = "iPhone Developer";
				COPY_PHASE_STRIP = NO;
				DEBUG_INFORMATION_FORMAT = "dwarf-with-dsym";
				ENABLE_NS_ASSERTIONS = NO;
				ENABLE_STRICT_OBJC_MSGSEND = YES;
				GCC_C_LANGUAGE_STANDARD = gnu99;
				GCC_NO_COMMON_BLOCKS = YES;
				GCC_WARN_64_TO_32_BIT_CONVERSION = YES;
				GCC_WARN_ABOUT_RETURN_TYPE = YES_ERROR;
				GCC_WARN_UNDECLARED_SELECTOR = YES;
				GCC_WARN_UNINITIALIZED_AUTOS = YES_AGGRESSIVE;
				GCC_WARN_UNUSED_FUNCTION = YES;
				GCC_WARN_UNUSED_VARIABLE = YES;
				IPHONEOS_DEPLOYMENT_TARGET = 8.1;
				MTL_ENABLE_DEBUG_INFO = NO;
				PROVISIONING_PROFILE = "6b36f2ca-462b-48ed-ab64-ddb042848390";
				SDKROOT = iphoneos;
				TARGETED_DEVICE_FAMILY = "1,2";
				VALIDATE_PRODUCT = YES;
				VALID_ARCHS = "arm64 arm64e armv7s";
			};
			name = distribution;
		};
		9D61ED601D377D9100481AC0 /* distribution */ = {
			isa = XCBuildConfiguration;
			baseConfigurationReference = 9E3193A29D92342EC978F195 /* Pods-BlackDot.distribution.xcconfig */;
			buildSettings = {
				ASSETCATALOG_COMPILER_APPICON_NAME = AppIcon;
				ASSETCATALOG_COMPILER_LAUNCHIMAGE_NAME = "Brand Assets";
				CODE_SIGN_IDENTITY = "iPhone Developer";
				"CODE_SIGN_IDENTITY[sdk=*]" = "iPhone Developer";
				"CODE_SIGN_IDENTITY[sdk=iphoneos*]" = "iPhone Developer";
				CODE_SIGN_STYLE = Manual;
				DEVELOPMENT_TEAM = 925M29NF35;
				GCC_PREFIX_HEADER = "$(SRCROOT)/5_Library/UTIL/PrefixHeader.pch";
				INFOPLIST_FILE = MyZaker/Info.plist;
				IPHONEOS_DEPLOYMENT_TARGET = 8.0;
				LD_RUNPATH_SEARCH_PATHS = "$(inherited) @executable_path/Frameworks";
				LIBRARY_SEARCH_PATHS = (
					"$(inherited)",
					"$(PROJECT_DIR)",
				);
				ONLY_ACTIVE_ARCH = YES;
				PRODUCT_BUNDLE_IDENTIFIER = com.gtja.yyzplus;
				PRODUCT_NAME = BlackDot;
				PROVISIONING_PROFILE = "";
				PROVISIONING_PROFILE_SPECIFIER = devYYZPlus;
				TARGETED_DEVICE_FAMILY = 1;
				VALID_ARCHS = "arm64 arm64e armv7s";
			};
			name = distribution;
		};
/* End XCBuildConfiguration section */

/* Begin XCConfigurationList section */
		9D03F4BD1D1D38DC00D140B1 /* Build configuration list for PBXProject "BlackDot" */ = {
			isa = XCConfigurationList;
			buildConfigurations = (
				9D03F4D71D1D38DC00D140B1 /* Debug */,
				9D03F4D81D1D38DC00D140B1 /* Release */,
				9D61ED5F1D377D9100481AC0 /* distribution */,
			);
			defaultConfigurationIsVisible = 0;
			defaultConfigurationName = Release;
		};
		9D03F4D91D1D38DC00D140B1 /* Build configuration list for PBXNativeTarget "BlackDot" */ = {
			isa = XCConfigurationList;
			buildConfigurations = (
				9D03F4DA1D1D38DC00D140B1 /* Debug */,
				9D03F4DB1D1D38DC00D140B1 /* Release */,
				9D61ED601D377D9100481AC0 /* distribution */,
			);
			defaultConfigurationIsVisible = 0;
			defaultConfigurationName = Release;
		};
/* End XCConfigurationList section */
	};
	rootObject = 9D03F4BA1D1D38DC00D140B1 /* Project object */;
}
